<?xml version="1.0" encoding="UTF-8"?>
<Scheme
   LastUpgradeVersion = "2640"
   version = "1.7">
   <BuildAction
      parallelizeBuildables = "YES"
      buildImplicitDependencies = "YES"
      runPostActionsOnFailure = "NO">
      <BuildActionEntries>
         <BuildActionEntry
            buildForTesting = "YES"
            buildForRunning = "YES"
            buildForProfiling = "YES"
            buildForArchiving = "YES"
            buildForAnalyzing = "YES">
            <BuildableReference
               BuildableIdentifier = "primary"
               BlueprintIdentifier = "365680A3AF7F55383EB7E763"
               BuildableName = "AgenticToolkitMacOS.framework"
               BlueprintName = "AgenticToolkitMacOS"
               ReferencedContainer = "container:AgenticToolkit.xcodeproj">
            </BuildableReference>
         </BuildActionEntry>
      </BuildActionEntries>
   </BuildAction>
   <TestAction
      buildConfiguration = "Debug"
      selectedDebuggerIdentifier = "Xcode.DebuggerFoundation.Debugger.LLDB"
      selectedLauncherIdentifier = "Xcode.DebuggerFoundation.Launcher.LLDB"
      shouldUseLaunchSchemeArgsEnv = "YES"
      onlyGenerateCoverageForSpecifiedTargets = "NO">
      <MacroExpansion>
         <BuildableReference
            BuildableIdentifier = "primary"
            BlueprintIdentifier = "365680A3AF7F55383EB7E763"
            BuildableName = "AgenticToolkitMacOS.framework"
            BlueprintName = "AgenticToolkitMacOS"
            ReferencedContainer = "container:AgenticToolkit.xcodeproj">
         </BuildableReference>
      </MacroExpansion>
      <Testables>
         <TestableReference
            skipped = "NO"
            parallelizable = "NO">
            <BuildableReference
               BuildableIdentifier = "primary"
               BlueprintIdentifier = "F7587C3114CC9BBF138D57B4"
               BuildableName = "AgenticToolkitCoreTests.xctest"
               BlueprintName = "AgenticToolkitCoreTests"
               ReferencedContainer = "container:AgenticToolkit.xcodeproj">
            </BuildableReference>
         </TestableReference>
         <TestableReference
            skipped = "NO"
            parallelizable = "NO">
            <BuildableReference
               BuildableIdentifier = "primary"
               BlueprintIdentifier = "0C146E1D667CC0539A0AE0E6"
               BuildableName = "AgenticToolkitCoreUITests.xctest"
               BlueprintName = "AgenticToolkitCoreUITests"
               ReferencedContainer = "container:AgenticToolkit.xcodeproj">
            </BuildableReference>
         </TestableReference>
         <TestableReference
            skipped = "NO"
            parallelizable = "NO">
            <BuildableReference
               BuildableIdentifier = "primary"
               BlueprintIdentifier = "F2116E5AFEEF6DE97574A067"
               BuildableName = "AgenticToolkitCoreMacOSTests.xctest"
               BlueprintName = "AgenticToolkitCoreMacOSTests"
               ReferencedContainer = "container:AgenticToolkit.xcodeproj">
            </BuildableReference>
         </TestableReference>
         <TestableReference
            skipped = "NO"
            parallelizable = "NO">
            <BuildableReference
               BuildableIdentifier = "primary"
               BlueprintIdentifier = "CA91BF5C6678A6A1DB58725C"
               BuildableName = "AIPluginKitTests.xctest"
               BlueprintName = "AIPluginKitTests"
               ReferencedContainer = "container:AgenticToolkit.xcodeproj">
            </BuildableReference>
         </TestableReference>
         <TestableReference
            skipped = "NO"
            parallelizable = "NO">
            <BuildableReference
               BuildableIdentifier = "primary"
               BlueprintIdentifier = "AF1B6D156999EBA1E66D7B49"
               BuildableName = "AgenticToolkitPermissionsTests.xctest"
               BlueprintName = "AgenticToolkitPermissionsTests"
               ReferencedContainer = "container:AgenticToolkit.xcodeproj">
            </BuildableReference>
         </TestableReference>
         <TestableReference
            skipped = "NO"
            parallelizable = "NO">
            <BuildableReference
               BuildableIdentifier = "primary"
               BlueprintIdentifier = "A0E8DDF7967B012563428C9F"
               BuildableName = "AgenticToolkitPermissionsUITests.xctest"
               BlueprintName = "AgenticToolkitPermissionsUITests"
               ReferencedContainer = "container:AgenticToolkit.xcodeproj">
            </BuildableReference>
         </TestableReference>
         <TestableReference
            skipped = "NO"
            parallelizable = "NO">
            <BuildableReference
               BuildableIdentifier = "primary"
               BlueprintIdentifier = "26037914B568926B46004788"
               BuildableName = "AgenticToolkitDisplaysTests.xctest"
               BlueprintName = "AgenticToolkitDisplaysTests"
               ReferencedContainer = "container:AgenticToolkit.xcodeproj">
            </BuildableReference>
         </TestableReference>
         <TestableReference
            skipped = "NO"
            parallelizable = "NO">
            <BuildableReference
               BuildableIdentifier = "primary"
               BlueprintIdentifier = "FB6FD55DBA606361A9BEEB56"
               BuildableName = "AgenticToolkitMacOSTests.xctest"
               BlueprintName = "AgenticToolkitMacOSTests"
               ReferencedContainer = "container:AgenticToolkit.xcodeproj">
            </BuildableReference>
         </TestableReference>
         <TestableReference
            skipped = "NO"
            parallelizable = "NO">
            <BuildableReference
               BuildableIdentifier = "primary"
               BlueprintIdentifier = "DF9077A081DB04AD94BC6802"
               BuildableName = "AgenticToolkitDatabaseTests.xctest"
               BlueprintName = "AgenticToolkitDatabaseTests"
               ReferencedContainer = "container:AgenticToolkit.xcodeproj">
            </BuildableReference>
         </TestableReference>
      </Testables>
      <CommandLineArguments>
      </CommandLineArguments>
   </TestAction>
   <LaunchAction
      buildConfiguration = "Debug"
      selectedDebuggerIdentifier = "Xcode.DebuggerFoundation.Debugger.LLDB"
      selectedLauncherIdentifier = "Xcode.DebuggerFoundation.Launcher.LLDB"
      launchStyle = "0"
      useCustomWorkingDirectory = "NO"
      ignoresPersistentStateOnLaunch = "NO"
      debugDocumentVersioning = "YES"
      debugServiceExtension = "internal"
      allowLocationSimulation = "YES">
      <MacroExpansion>
         <BuildableReference
            BuildableIdentifier = "primary"
            BlueprintIdentifier = "365680A3AF7F55383EB7E763"
            BuildableName = "AgenticToolkitMacOS.framework"
            BlueprintName = "AgenticToolkitMacOS"
            ReferencedContainer = "container:AgenticToolkit.xcodeproj">
         </BuildableReference>
      </MacroExpansion>
      <CommandLineArguments>
      </CommandLineArguments>
   </LaunchAction>
   <ProfileAction
      buildConfiguration = "Release"
      shouldUseLaunchSchemeArgsEnv = "YES"
      savedToolIdentifier = ""
      useCustomWorkingDirectory = "NO"
      debugDocumentVersioning = "YES">
      <CommandLineArguments>
      </CommandLineArguments>
      <MacroExpansion>
         <BuildableReference
            BuildableIdentifier = "primary"
            BlueprintIdentifier = "365680A3AF7F55383EB7E763"
            BuildableName = "AgenticToolkitMacOS.framework"
            BlueprintName = "AgenticToolkitMacOS"
            ReferencedContainer = "container:AgenticToolkit.xcodeproj">
         </BuildableReference>
      </MacroExpansion>
   </ProfileAction>
   <AnalyzeAction
      buildConfiguration = "Debug">
   </AnalyzeAction>
   <ArchiveAction
      buildConfiguration = "Release"
      revealArchiveInOrganizer = "YES">
   </ArchiveAction>
</Scheme>
