// !$*UTF8*$!
{
	archiveVersion = 1;
	classes = {
	};
	objectVersion = 77;
	objects = {

/* Begin PBXBuildFile section */
		0A1672A29384E138CC1DCC19 /* MenuManager.swift in Sources */ = {isa = PBXBuildFile; fileRef = FB609791064AAA4A3FD0EF08 /* MenuManager.swift */; };
		12998863DC6494428076CA90 /* AgenticToolkitCoreMacOS.framework in Embed Frameworks */ = {isa = PBXBuildFile; fileRef = 9C7EEE9956F5E3C56D8BEDFD /* AgenticToolkitCoreMacOS.framework */; settings = {ATTRIBUTES = (CodeSignOnCopy, RemoveHeadersOnCopy, ); }; };
		155FF4285569D33357942205 /* AgenticToolkitMacOS.framework in Frameworks */ = {isa = PBXBuildFile; fileRef = A03A4C321C9351071CD224A5 /* AgenticToolkitMacOS.framework */; };
		1666E0C836872A1B128829C1 /* AIPluginKit.framework in Frameworks */ = {isa = PBXBuildFile; fileRef = 81D871F0C748F8F89BC88041 /* AIPluginKit.framework */; };
		180B2F8075B16C6451EB18F0 /* AgenticToolkitCoreUI.framework in Frameworks */ = {isa = PBXBuildFile; fileRef = A9D90A308FFB1350944749C5 /* AgenticToolkitCoreUI.framework */; };
		24ED1EE749ABB6DFD85D9181 /* main.swift in Sources */ = {isa = PBXBuildFile; fileRef = 8B3E5EDF5F3976D706679DA4 /* main.swift */; };
		26392B5AED821C98FA3A411B /* AgenticToolkitCoreUI.framework in Embed Frameworks */ = {isa = PBXBuildFile; fileRef = A9D90A308FFB1350944749C5 /* AgenticToolkitCoreUI.framework */; settings = {ATTRIBUTES = (CodeSignOnCopy, RemoveHeadersOnCopy, ); }; };
		36F30975C77D1F866DB1938F /* AgenticToolkitDisplays.framework in Embed Frameworks */ = {isa = PBXBuildFile; fileRef = 0BC7AB04FD94BE052522E91A /* AgenticToolkitDisplays.framework */; settings = {ATTRIBUTES = (CodeSignOnCopy, RemoveHeadersOnCopy, ); }; };
		4CFBFCE2E7C6DBA28FA44569 /* Features.swift in Sources */ = {isa = PBXBuildFile; fileRef = 1B67010DACFE78CA174F35BE /* Features.swift */; };
		4D7B99804AF287C2B8300715 /* AgenticToolkitCoreUI.framework in Embed Frameworks */ = {isa = PBXBuildFile; fileRef = A9D90A308FFB1350944749C5 /* AgenticToolkitCoreUI.framework */; settings = {ATTRIBUTES = (CodeSignOnCopy, RemoveHeadersOnCopy, ); }; };
		4F3348C3E5A46438E9EEC534 /* AgenticToolkitCoreMacOS.framework in Frameworks */ = {isa = PBXBuildFile; fileRef = 9C7EEE9956F5E3C56D8BEDFD /* AgenticToolkitCoreMacOS.framework */; };
		688CE2C9476EB3DDC4AFC936 /* AgenticToolkitCore.framework in Embed Frameworks */ = {isa = PBXBuildFile; fileRef = 8DE707FA2CA51A09E03A8483 /* AgenticToolkitCore.framework */; settings = {ATTRIBUTES = (CodeSignOnCopy, RemoveHeadersOnCopy, ); }; };
		9528A0BC6361C2959FC883AF /* AIPluginKit.framework in Embed Frameworks */ = {isa = PBXBuildFile; fileRef = 81D871F0C748F8F89BC88041 /* AIPluginKit.framework */; settings = {ATTRIBUTES = (CodeSignOnCopy, RemoveHeadersOnCopy, ); }; };
		95BF9B324E1937CD904F2BF3 /* AppDelegate.swift in Sources */ = {isa = PBXBuildFile; fileRef = 711244F8F5F5CCE26995F087 /* AppDelegate.swift */; };
		9B5494D34EB48994198F502A /* AppFeaturesSmokeTests.swift in Sources */ = {isa = PBXBuildFile; fileRef = BA340F4FF6EF77C7FECDC7E0 /* AppFeaturesSmokeTests.swift */; };
		A860815445888B1ECA5B2927 /* AgenticToolkitCore.framework in Frameworks */ = {isa = PBXBuildFile; fileRef = 8DE707FA2CA51A09E03A8483 /* AgenticToolkitCore.framework */; };
		DCC31AB0A13DD3C339AA79C3 /* AgenticToolkitCoreUI.framework in Frameworks */ = {isa = PBXBuildFile; fileRef = A9D90A308FFB1350944749C5 /* AgenticToolkitCoreUI.framework */; };
		E5D36452A8A159B11DD7B04F /* AgenticToolkitMacOS.framework in Embed Frameworks */ = {isa = PBXBuildFile; fileRef = A03A4C321C9351071CD224A5 /* AgenticToolkitMacOS.framework */; settings = {ATTRIBUTES = (CodeSignOnCopy, RemoveHeadersOnCopy, ); }; };
		EFB3181A8F9B69899741FD87 /* AgenticToolkitDisplays.framework in Frameworks */ = {isa = PBXBuildFile; fileRef = 0BC7AB04FD94BE052522E91A /* AgenticToolkitDisplays.framework */; };
		F47B9255567A7D4E576D7997 /* WindowContextsCoordinator.swift in Sources */ = {isa = PBXBuildFile; fileRef = 8824C7CA6D20F146F6EF6ACC /* WindowContextsCoordinator.swift */; };
/* End PBXBuildFile section */

/* Begin PBXContainerItemProxy section */
		1453369A180D6BC944B11A51 /* PBXContainerItemProxy */ = {
			isa = PBXContainerItemProxy;
			containerPortal = 197AE256063908DE304C069C /* AgenticToolkit */;
			proxyType = 1;
			remoteGlobalIDString = AC88CFADE46A8B4C98268076;
			remoteInfo = AgenticToolkitCoreUI;
		};
		1AEC0ABE297C8149512EA5B3 /* PBXContainerItemProxy */ = {
			isa = PBXContainerItemProxy;
			containerPortal = 197AE256063908DE304C069C /* AgenticToolkit */;
			proxyType = 1;
			remoteGlobalIDString = D4EE08663F8C55B3A706061D;
			remoteInfo = AgenticToolkitDisplays;
		};
		1E9D99A2D77B1948C30765D4 /* PBXContainerItemProxy */ = {
			isa = PBXContainerItemProxy;
			containerPortal = 197AE256063908DE304C069C /* AgenticToolkit */;
			proxyType = 2;
			remoteGlobalIDString = 61310A916E242BA60A9FE8C1;
			remoteInfo = AgenticToolkitCoreMacOS;
		};
		49D2F6681B3EF444E0CC5A10 /* PBXContainerItemProxy */ = {
			isa = PBXContainerItemProxy;
			containerPortal = 197AE256063908DE304C069C /* AgenticToolkit */;
			proxyType = 1;
			remoteGlobalIDString = 365680A3AF7F55383EB7E763;
			remoteInfo = AgenticToolkitMacOS;
		};
		58E43D46D92C473FDA0CCA75 /* PBXContainerItemProxy */ = {
			isa = PBXContainerItemProxy;
			containerPortal = 197AE256063908DE304C069C /* AgenticToolkit */;
			proxyType = 2;
			remoteGlobalIDString = C4549C0F49FF13D5D7E441FE;
			remoteInfo = AgenticToolkitDisplays;
		};
		603D4F4281EBB7224D6F94AE /* PBXContainerItemProxy */ = {
			isa = PBXContainerItemProxy;
			containerPortal = 197AE256063908DE304C069C /* AgenticToolkit */;
			proxyType = 1;
			remoteGlobalIDString = 1E3A144560D2664472251EE8;
			remoteInfo = AgenticToolkitCoreMacOS;
		};
		6FB43C337C4E05D370F052FA /* PBXContainerItemProxy */ = {
			isa = PBXContainerItemProxy;
			containerPortal = 197AE256063908DE304C069C /* AgenticToolkit */;
			proxyType = 2;
			remoteGlobalIDString = FF857DF2BB3D2BE006BBA101;
			remoteInfo = AgenticToolkitCore;
		};
		9949AA6857A8171374023FE6 /* PBXContainerItemProxy */ = {
			isa = PBXContainerItemProxy;
			containerPortal = 197AE256063908DE304C069C /* AgenticToolkit */;
			proxyType = 1;
			remoteGlobalIDString = 003F8A478BDB5243DE76FA9E;
			remoteInfo = AgenticToolkitCore;
		};
		B1793B24D77755C9C3203A99 /* PBXContainerItemProxy */ = {
			isa = PBXContainerItemProxy;
			containerPortal = 197AE256063908DE304C069C /* AgenticToolkit */;
			proxyType = 2;
			remoteGlobalIDString = 7A6A6F1AF7704D404EE128D5;
			remoteInfo = AgenticToolkitCoreUI;
		};
		BE17A5B031C7FCC3ECE87DBF /* PBXContainerItemProxy */ = {
			isa = PBXContainerItemProxy;
			containerPortal = 94127FA6B27A717E4CA845C5 /* Project object */;
			proxyType = 1;
			remoteGlobalIDString = 810918565CAE23E364AEA726;
			remoteInfo = AgenticToolkitApp;
		};
		C1AC77D509B21881F0FB2E0F /* PBXContainerItemProxy */ = {
			isa = PBXContainerItemProxy;
			containerPortal = 197AE256063908DE304C069C /* AgenticToolkit */;
			proxyType = 2;
			remoteGlobalIDString = F03FB5CC81FF718A106A6513;
			remoteInfo = AgenticToolkitMacOS;
		};
		C615AD7D0816FFCE48B47A28 /* PBXContainerItemProxy */ = {
			isa = PBXContainerItemProxy;
			containerPortal = 197AE256063908DE304C069C /* AgenticToolkit */;
			proxyType = 1;
			remoteGlobalIDString = AC88CFADE46A8B4C98268076;
			remoteInfo = AgenticToolkitCoreUI;
		};
		EFA159241C9F569AF400BA80 /* PBXContainerItemProxy */ = {
			isa = PBXContainerItemProxy;
			containerPortal = 197AE256063908DE304C069C /* AgenticToolkit */;
			proxyType = 2;
			remoteGlobalIDString = FD467D736FA5B431DD30B091;
			remoteInfo = AIPluginKit;
		};
		FA2072489393074979527FC1 /* PBXContainerItemProxy */ = {
			isa = PBXContainerItemProxy;
			containerPortal = 197AE256063908DE304C069C /* AgenticToolkit */;
			proxyType = 1;
			remoteGlobalIDString = 75B33B7BC0E7B443EFB94243;
			remoteInfo = AIPluginKit;
		};
/* End PBXContainerItemProxy section */

/* Begin PBXCopyFilesBuildPhase section */
		7B6EBCEC3AFC2D9ED7B035BF /* Embed Frameworks */ = {
			isa = PBXCopyFilesBuildPhase;
			buildActionMask = 2147483647;
			dstPath = "";
			dstSubfolderSpec = 10;
			files = (
				688CE2C9476EB3DDC4AFC936 /* AgenticToolkitCore.framework in Embed Frameworks */,
				4D7B99804AF287C2B8300715 /* AgenticToolkitCoreUI.framework in Embed Frameworks */,
				12998863DC6494428076CA90 /* AgenticToolkitCoreMacOS.framework in Embed Frameworks */,
				E5D36452A8A159B11DD7B04F /* AgenticToolkitMacOS.framework in Embed Frameworks */,
				36F30975C77D1F866DB1938F /* AgenticToolkitDisplays.framework in Embed Frameworks */,
				9528A0BC6361C2959FC883AF /* AIPluginKit.framework in Embed Frameworks */,
			);
			name = "Embed Frameworks";
			runOnlyForDeploymentPostprocessing = 0;
		};
		DA7FC05D31DB6E2A49DA9955 /* Embed Frameworks */ = {
			isa = PBXCopyFilesBuildPhase;
			buildActionMask = 2147483647;
			dstPath = "";
			dstSubfolderSpec = 10;
			files = (
				26392B5AED821C98FA3A411B /* AgenticToolkitCoreUI.framework in Embed Frameworks */,
			);
			name = "Embed Frameworks";
			runOnlyForDeploymentPostprocessing = 0;
		};
/* End PBXCopyFilesBuildPhase section */

/* Begin PBXFileReference section */
		197AE256063908DE304C069C /* AgenticToolkit */ = {isa = PBXFileReference; lastKnownFileType = "wrapper.pb-project"; name = AgenticToolkit; path = ../AgenticToolkit/AgenticToolkit.xcodeproj; sourceTree = "<group>"; };
		1B67010DACFE78CA174F35BE /* Features.swift */ = {isa = PBXFileReference; lastKnownFileType = sourcecode.swift; path = Features.swift; sourceTree = "<group>"; };
		68C69C566432A6C267AE692E /* AgenticToolkitApp.app */ = {isa = PBXFileReference; explicitFileType = wrapper.application; includeInIndex = 0; path = AgenticToolkitApp.app; sourceTree = BUILT_PRODUCTS_DIR; };
		711244F8F5F5CCE26995F087 /* AppDelegate.swift */ = {isa = PBXFileReference; lastKnownFileType = sourcecode.swift; path = AppDelegate.swift; sourceTree = "<group>"; };
		8824C7CA6D20F146F6EF6ACC /* WindowContextsCoordinator.swift */ = {isa = PBXFileReference; lastKnownFileType = sourcecode.swift; path = WindowContextsCoordinator.swift; sourceTree = "<group>"; };
		8B3E5EDF5F3976D706679DA4 /* main.swift */ = {isa = PBXFileReference; lastKnownFileType = sourcecode.swift; path = main.swift; sourceTree = "<group>"; };
		A20BEEA83D3D826F4BC4DADC /* AgenticToolkitAppTests.xctest */ = {isa = PBXFileReference; explicitFileType = wrapper.cfbundle; includeInIndex = 0; path = AgenticToolkitAppTests.xctest; sourceTree = BUILT_PRODUCTS_DIR; };
		BA340F4FF6EF77C7FECDC7E0 /* AppFeaturesSmokeTests.swift */ = {isa = PBXFileReference; lastKnownFileType = sourcecode.swift; path = AppFeaturesSmokeTests.swift; sourceTree = "<group>"; };
		FB609791064AAA4A3FD0EF08 /* MenuManager.swift */ = {isa = PBXFileReference; lastKnownFileType = sourcecode.swift; path = MenuManager.swift; sourceTree = "<group>"; };
/* End PBXFileReference section */

/* Begin PBXFrameworksBuildPhase section */
		232495A4EFF935D3E216C771 /* Frameworks */ = {
			isa = PBXFrameworksBuildPhase;
			buildActionMask = 2147483647;
			files = (
				A860815445888B1ECA5B2927 /* AgenticToolkitCore.framework in Frameworks */,
				DCC31AB0A13DD3C339AA79C3 /* AgenticToolkitCoreUI.framework in Frameworks */,
				4F3348C3E5A46438E9EEC534 /* AgenticToolkitCoreMacOS.framework in Frameworks */,
				155FF4285569D33357942205 /* AgenticToolkitMacOS.framework in Frameworks */,
				EFB3181A8F9B69899741FD87 /* AgenticToolkitDisplays.framework in Frameworks */,
				1666E0C836872A1B128829C1 /* AIPluginKit.framework in Frameworks */,
			);
			runOnlyForDeploymentPostprocessing = 0;
		};
		7D1F7894C51790C9AD7AC4B9 /* Frameworks */ = {
			isa = PBXFrameworksBuildPhase;
			buildActionMask = 2147483647;
			files = (
				180B2F8075B16C6451EB18F0 /* AgenticToolkitCoreUI.framework in Frameworks */,
			);
			runOnlyForDeploymentPostprocessing = 0;
		};
/* End PBXFrameworksBuildPhase section */

/* Begin PBXGroup section */
		244EA2B2C56B314F80F02F80 /* AgenticToolkitAppTests */ = {
			isa = PBXGroup;
			children = (
				BA340F4FF6EF77C7FECDC7E0 /* AppFeaturesSmokeTests.swift */,
			);
			path = AgenticToolkitAppTests;
			sourceTree = "<group>";
		};
		9F34FF9C21DDE9B101A095DC /* Products */ = {
			isa = PBXGroup;
			children = (
				68C69C566432A6C267AE692E /* AgenticToolkitApp.app */,
				A20BEEA83D3D826F4BC4DADC /* AgenticToolkitAppTests.xctest */,
			);
			name = Products;
			sourceTree = "<group>";
		};
		D48921ADD798648282D09DA5 /* AgenticToolkitApp */ = {
			isa = PBXGroup;
			children = (
				711244F8F5F5CCE26995F087 /* AppDelegate.swift */,
				1B67010DACFE78CA174F35BE /* Features.swift */,
				8B3E5EDF5F3976D706679DA4 /* main.swift */,
				FB609791064AAA4A3FD0EF08 /* MenuManager.swift */,
				8824C7CA6D20F146F6EF6ACC /* WindowContextsCoordinator.swift */,
			);
			path = AgenticToolkitApp;
			sourceTree = "<group>";
		};
		DFF661A764D7B891CEF24693 /* Projects */ = {
			isa = PBXGroup;
			children = (
				197AE256063908DE304C069C /* AgenticToolkit */,
			);
			name = Projects;
			sourceTree = "<group>";
		};
		F20FCBB43CB47D4324D2148E /* Products */ = {
			isa = PBXGroup;
			children = (
				8DE707FA2CA51A09E03A8483 /* AgenticToolkitCore.framework */,
				A9D90A308FFB1350944749C5 /* AgenticToolkitCoreUI.framework */,
				9C7EEE9956F5E3C56D8BEDFD /* AgenticToolkitCoreMacOS.framework */,
				A03A4C321C9351071CD224A5 /* AgenticToolkitMacOS.framework */,
				0BC7AB04FD94BE052522E91A /* AgenticToolkitDisplays.framework */,
				81D871F0C748F8F89BC88041 /* AIPluginKit.framework */,
			);
			name = Products;
			sourceTree = "<group>";
		};
		FE3DE8096C026B9CCC1C918F = {
			isa = PBXGroup;
			children = (
				D48921ADD798648282D09DA5 /* AgenticToolkitApp */,
				244EA2B2C56B314F80F02F80 /* AgenticToolkitAppTests */,
				9F34FF9C21DDE9B101A095DC /* Products */,
				DFF661A764D7B891CEF24693 /* Projects */,
			);
			sourceTree = "<group>";
		};
/* End PBXGroup section */

/* Begin PBXNativeTarget section */
		29E6204B8EC89F3C494268DB /* AgenticToolkitAppTests */ = {
			isa = PBXNativeTarget;
			buildConfigurationList = 1C57E820C07F7825C6A9DC7E /* Build configuration list for PBXNativeTarget "AgenticToolkitAppTests" */;
			buildPhases = (
				F819B20B143DE0405E72ABDB /* SwiftLint */,
				A680996EF1890D5501CA84D8 /* Sources */,
				7D1F7894C51790C9AD7AC4B9 /* Frameworks */,
				DA7FC05D31DB6E2A49DA9955 /* Embed Frameworks */,
			);
			buildRules = (
			);
			dependencies = (
				5D0D967BD0C56EE4F199F0DA /* PBXTargetDependency */,
				CF710A4449DCDDB3487EED0C /* PBXTargetDependency */,
			);
			name = AgenticToolkitAppTests;
			packageProductDependencies = (
			);
			productName = AgenticToolkitAppTests;
			productReference = A20BEEA83D3D826F4BC4DADC /* AgenticToolkitAppTests.xctest */;
			productType = "com.apple.product-type.bundle.unit-test";
		};
		810918565CAE23E364AEA726 /* AgenticToolkitApp */ = {
			isa = PBXNativeTarget;
			buildConfigurationList = AF20017E82E7C8946E2BBDB8 /* Build configuration list for PBXNativeTarget "AgenticToolkitApp" */;
			buildPhases = (
				A28E6AC9A5282D4D284B3876 /* SwiftLint */,
				A5EF2E27F0973AD78A78D8F3 /* Sources */,
				232495A4EFF935D3E216C771 /* Frameworks */,
				7B6EBCEC3AFC2D9ED7B035BF /* Embed Frameworks */,
			);
			buildRules = (
			);
			dependencies = (
				E5D56A721843E66AD4F6A8AF /* PBXTargetDependency */,
				CBF96CD98F06A6A2980F4E67 /* PBXTargetDependency */,
				DE37ADA4D1FCEDE533D22FD4 /* PBXTargetDependency */,
				A318B5219556F3E2C8015276 /* PBXTargetDependency */,
				C59B4EB3763F20986C6577D5 /* PBXTargetDependency */,
				7D0D97D2A1331C4B3E4A4A26 /* PBXTargetDependency */,
			);
			name = AgenticToolkitApp;
			packageProductDependencies = (
			);
			productName = AgenticToolkitApp;
			productReference = 68C69C566432A6C267AE692E /* AgenticToolkitApp.app */;
			productType = "com.apple.product-type.application";
		};
/* End PBXNativeTarget section */

/* Begin PBXProject section */
		94127FA6B27A717E4CA845C5 /* Project object */ = {
			isa = PBXProject;
			attributes = {
				BuildIndependentTargetsInParallel = YES;
				LastUpgradeCheck = 2640;
				TargetAttributes = {
					29E6204B8EC89F3C494268DB = {
						DevelopmentTeam = K2NA732JAX;
					};
					810918565CAE23E364AEA726 = {
						DevelopmentTeam = K2NA732JAX;
						ProvisioningStyle = Automatic;
					};
				};
			};
			buildConfigurationList = 9CAAABD7BDB026CFE52A008D /* Build configuration list for PBXProject "AgenticToolkitApp" */;
			developmentRegion = en;
			hasScannedForEncodings = 0;
			knownRegions = (
				Base,
				en,
			);
			mainGroup = FE3DE8096C026B9CCC1C918F;
			minimizedProjectReferenceProxies = 1;
			preferredProjectObjectVersion = 77;
			productRefGroup = 9F34FF9C21DDE9B101A095DC /* Products */;
			projectDirPath = "";
			projectReferences = (
				{
					ProductGroup = F20FCBB43CB47D4324D2148E /* Products */;
					ProjectRef = 197AE256063908DE304C069C /* AgenticToolkit */;
				},
			);
			projectRoot = "";
			targets = (
				810918565CAE23E364AEA726 /* AgenticToolkitApp */,
				29E6204B8EC89F3C494268DB /* AgenticToolkitAppTests */,
			);
		};
/* End PBXProject section */

/* Begin PBXReferenceProxy section */
		0BC7AB04FD94BE052522E91A /* AgenticToolkitDisplays.framework */ = {
			isa = PBXReferenceProxy;
			fileType = wrapper.framework;
			path = AgenticToolkitDisplays.framework;
			remoteRef = 58E43D46D92C473FDA0CCA75 /* PBXContainerItemProxy */;
			sourceTree = BUILT_PRODUCTS_DIR;
		};
		81D871F0C748F8F89BC88041 /* AIPluginKit.framework */ = {
			isa = PBXReferenceProxy;
			fileType = wrapper.framework;
			path = AIPluginKit.framework;
			remoteRef = EFA159241C9F569AF400BA80 /* PBXContainerItemProxy */;
			sourceTree = BUILT_PRODUCTS_DIR;
		};
		8DE707FA2CA51A09E03A8483 /* AgenticToolkitCore.framework */ = {
			isa = PBXReferenceProxy;
			fileType = wrapper.framework;
			path = AgenticToolkitCore.framework;
			remoteRef = 6FB43C337C4E05D370F052FA /* PBXContainerItemProxy */;
			sourceTree = BUILT_PRODUCTS_DIR;
		};
		9C7EEE9956F5E3C56D8BEDFD /* AgenticToolkitCoreMacOS.framework */ = {
			isa = PBXReferenceProxy;
			fileType = wrapper.framework;
			path = AgenticToolkitCoreMacOS.framework;
			remoteRef = 1E9D99A2D77B1948C30765D4 /* PBXContainerItemProxy */;
			sourceTree = BUILT_PRODUCTS_DIR;
		};
		A03A4C321C9351071CD224A5 /* AgenticToolkitMacOS.framework */ = {
			isa = PBXReferenceProxy;
			fileType = wrapper.framework;
			path = AgenticToolkitMacOS.framework;
			remoteRef = C1AC77D509B21881F0FB2E0F /* PBXContainerItemProxy */;
			sourceTree = BUILT_PRODUCTS_DIR;
		};
		A9D90A308FFB1350944749C5 /* AgenticToolkitCoreUI.framework */ = {
			isa = PBXReferenceProxy;
			fileType = wrapper.framework;
			path = AgenticToolkitCoreUI.framework;
			remoteRef = B1793B24D77755C9C3203A99 /* PBXContainerItemProxy */;
			sourceTree = BUILT_PRODUCTS_DIR;
		};
/* End PBXReferenceProxy section */

/* Begin PBXShellScriptBuildPhase section */
		A28E6AC9A5282D4D284B3876 /* SwiftLint */ = {
			isa = PBXShellScriptBuildPhase;
			alwaysOutOfDate = 1;
			buildActionMask = 2147483647;
			files = (
			);
			inputFileListPaths = (
			);
			inputPaths = (
			);
			name = SwiftLint;
			outputFileListPaths = (
			);
			outputPaths = (
			);
			runOnlyForDeploymentPostprocessing = 0;
			shellPath = /bin/sh;
			shellScript = "if [[ \"$(uname -m)\" == \"arm64\" ]]; then\n  export PATH=\"/opt/homebrew/bin:$PATH\"\nfi\nif which swiftlint >/dev/null; then\n  swiftlint lint --quiet --strict\nelse\n  echo \"warning: SwiftLint not installed; brew install swiftlint to enable\"\nfi\n";
		};
		F819B20B143DE0405E72ABDB /* SwiftLint */ = {
			isa = PBXShellScriptBuildPhase;
			alwaysOutOfDate = 1;
			buildActionMask = 2147483647;
			files = (
			);
			inputFileListPaths = (
			);
			inputPaths = (
			);
			name = SwiftLint;
			outputFileListPaths = (
			);
			outputPaths = (
			);
			runOnlyForDeploymentPostprocessing = 0;
			shellPath = /bin/sh;
			shellScript = "if [[ \"$(uname -m)\" == \"arm64\" ]]; then\n  export PATH=\"/opt/homebrew/bin:$PATH\"\nfi\nif which swiftlint >/dev/null; then\n  swiftlint lint --quiet --strict\nelse\n  echo \"warning: SwiftLint not installed; brew install swiftlint to enable\"\nfi\n";
		};
/* End PBXShellScriptBuildPhase section */

/* Begin PBXSourcesBuildPhase section */
		A5EF2E27F0973AD78A78D8F3 /* Sources */ = {
			isa = PBXSourcesBuildPhase;
			buildActionMask = 2147483647;
			files = (
				95BF9B324E1937CD904F2BF3 /* AppDelegate.swift in Sources */,
				4CFBFCE2E7C6DBA28FA44569 /* Features.swift in Sources */,
				0A1672A29384E138CC1DCC19 /* MenuManager.swift in Sources */,
				F47B9255567A7D4E576D7997 /* WindowContextsCoordinator.swift in Sources */,
				24ED1EE749ABB6DFD85D9181 /* main.swift in Sources */,
			);
			runOnlyForDeploymentPostprocessing = 0;
		};
		A680996EF1890D5501CA84D8 /* Sources */ = {
			isa = PBXSourcesBuildPhase;
			buildActionMask = 2147483647;
			files = (
				9B5494D34EB48994198F502A /* AppFeaturesSmokeTests.swift in Sources */,
			);
			runOnlyForDeploymentPostprocessing = 0;
		};
/* End PBXSourcesBuildPhase section */

/* Begin PBXTargetDependency section */
		5D0D967BD0C56EE4F199F0DA /* PBXTargetDependency */ = {
			isa = PBXTargetDependency;
			target = 810918565CAE23E364AEA726 /* AgenticToolkitApp */;
			targetProxy = BE17A5B031C7FCC3ECE87DBF /* PBXContainerItemProxy */;
		};
		7D0D97D2A1331C4B3E4A4A26 /* PBXTargetDependency */ = {
			isa = PBXTargetDependency;
			name = AIPluginKit;
			targetProxy = FA2072489393074979527FC1 /* PBXContainerItemProxy */;
		};
		A318B5219556F3E2C8015276 /* PBXTargetDependency */ = {
			isa = PBXTargetDependency;
			name = AgenticToolkitMacOS;
			targetProxy = 49D2F6681B3EF444E0CC5A10 /* PBXContainerItemProxy */;
		};
		C59B4EB3763F20986C6577D5 /* PBXTargetDependency */ = {
			isa = PBXTargetDependency;
			name = AgenticToolkitDisplays;
			targetProxy = 1AEC0ABE297C8149512EA5B3 /* PBXContainerItemProxy */;
		};
		CBF96CD98F06A6A2980F4E67 /* PBXTargetDependency */ = {
			isa = PBXTargetDependency;
			name = AgenticToolkitCoreUI;
			targetProxy = 1453369A180D6BC944B11A51 /* PBXContainerItemProxy */;
		};
		CF710A4449DCDDB3487EED0C /* PBXTargetDependency */ = {
			isa = PBXTargetDependency;
			name = AgenticToolkitCoreUI;
			targetProxy = C615AD7D0816FFCE48B47A28 /* PBXContainerItemProxy */;
		};
		DE37ADA4D1FCEDE533D22FD4 /* PBXTargetDependency */ = {
			isa = PBXTargetDependency;
			name = AgenticToolkitCoreMacOS;
			targetProxy = 603D4F4281EBB7224D6F94AE /* PBXContainerItemProxy */;
		};
		E5D56A721843E66AD4F6A8AF /* PBXTargetDependency */ = {
			isa = PBXTargetDependency;
			name = AgenticToolkitCore;
			targetProxy = 9949AA6857A8171374023FE6 /* PBXContainerItemProxy */;
		};
/* End PBXTargetDependency section */

/* Begin XCBuildConfiguration section */
		22EB66859A72BDDDD9DADACE /* Debug */ = {
			isa = XCBuildConfiguration;
			buildSettings = {
				ALWAYS_SEARCH_USER_PATHS = NO;
				CLANG_ANALYZER_NONNULL = YES;
				CLANG_ANALYZER_NUMBER_OBJECT_CONVERSION = YES_AGGRESSIVE;
				CLANG_CXX_LANGUAGE_STANDARD = "gnu++14";
				CLANG_CXX_LIBRARY = "libc++";
				CLANG_ENABLE_MODULES = YES;
				CLANG_ENABLE_OBJC_ARC = YES;
				CLANG_ENABLE_OBJC_WEAK = YES;
				CLANG_WARN_BLOCK_CAPTURE_AUTORELEASING = YES;
				CLANG_WARN_BOOL_CONVERSION = YES;
				CLANG_WARN_COMMA = YES;
				CLANG_WARN_CONSTANT_CONVERSION = YES;
				CLANG_WARN_DEPRECATED_OBJC_IMPLEMENTATIONS = YES;
				CLANG_WARN_DIRECT_OBJC_ISA_USAGE = YES_ERROR;
				CLANG_WARN_DOCUMENTATION_COMMENTS = YES;
				CLANG_WARN_EMPTY_BODY = YES;
				CLANG_WARN_ENUM_CONVERSION = YES;
				CLANG_WARN_INFINITE_RECURSION = YES;
				CLANG_WARN_INT_CONVERSION = YES;
				CLANG_WARN_NON_LITERAL_NULL_CONVERSION = YES;
				CLANG_WARN_OBJC_IMPLICIT_RETAIN_SELF = YES;
				CLANG_WARN_OBJC_LITERAL_CONVERSION = YES;
				CLANG_WARN_OBJC_ROOT_CLASS = YES_ERROR;
				CLANG_WARN_QUOTED_INCLUDE_IN_FRAMEWORK_HEADER = YES;
				CLANG_WARN_RANGE_LOOP_ANALYSIS = YES;
				CLANG_WARN_STRICT_PROTOTYPES = YES;
				CLANG_WARN_SUSPICIOUS_MOVE = YES;
				CLANG_WARN_UNGUARDED_AVAILABILITY = YES_AGGRESSIVE;
				CLANG_WARN_UNREACHABLE_CODE = YES;
				CLANG_WARN__DUPLICATE_METHOD_MATCH = YES;
				COPY_PHASE_STRIP = NO;
				CURRENT_PROJECT_VERSION = 1;
				DEAD_CODE_STRIPPING = YES;
				DEBUG_INFORMATION_FORMAT = dwarf;
				DEVELOPMENT_TEAM = K2NA732JAX;
				ENABLE_MODULE_VERIFIER = YES;
				ENABLE_STRICT_OBJC_MSGSEND = YES;
				ENABLE_TESTABILITY = YES;
				GCC_C_LANGUAGE_STANDARD = gnu11;
				GCC_DYNAMIC_NO_PIC = NO;
				GCC_NO_COMMON_BLOCKS = YES;
				GCC_OPTIMIZATION_LEVEL = 0;
				GCC_PREPROCESSOR_DEFINITIONS = (
					"$(inherited)",
					"DEBUG=1",
				);
				GCC_TREAT_WARNINGS_AS_ERRORS = YES;
				GCC_WARN_64_TO_32_BIT_CONVERSION = YES;
				GCC_WARN_ABOUT_RETURN_TYPE = YES_ERROR;
				GCC_WARN_UNDECLARED_SELECTOR = YES;
				GCC_WARN_UNINITIALIZED_AUTOS = YES_AGGRESSIVE;
				GCC_WARN_UNUSED_FUNCTION = YES;
				GCC_WARN_UNUSED_VARIABLE = YES;
				LD_RUNPATH_SEARCH_PATHS = (
					"$(inherited)",
					"@executable_path/../Frameworks",
				);
				MACOSX_DEPLOYMENT_TARGET = 26.0;
				MARKETING_VERSION = 1.0.0;
				MODULE_VERIFIER_SUPPORTED_LANGUAGE_STANDARDS = "gnu11 gnu++14";
				MTL_ENABLE_DEBUG_INFO = INCLUDE_SOURCE;
				MTL_FAST_MATH = YES;
				ONLY_ACTIVE_ARCH = YES;
				PRODUCT_NAME = "$(TARGET_NAME)";
				SDKROOT = macosx;
				STRING_CATALOG_GENERATE_SYMBOLS = YES;
				SWIFT_ACTIVE_COMPILATION_CONDITIONS = DEBUG;
				SWIFT_ENABLE_EXPLICIT_MODULES = NO;
				SWIFT_OPTIMIZATION_LEVEL = "-Onone";
				SWIFT_STRICT_CONCURRENCY = complete;
				SWIFT_TREAT_WARNINGS_AS_ERRORS = YES;
				SWIFT_VERSION = 6.3;
			};
			name = Debug;
		};
		2ABE5E58AE9D93BF542672F0 /* Release */ = {
			isa = XCBuildConfiguration;
			buildSettings = {
				ALWAYS_SEARCH_USER_PATHS = NO;
				CLANG_ANALYZER_NONNULL = YES;
				CLANG_ANALYZER_NUMBER_OBJECT_CONVERSION = YES_AGGRESSIVE;
				CLANG_CXX_LANGUAGE_STANDARD = "gnu++14";
				CLANG_CXX_LIBRARY = "libc++";
				CLANG_ENABLE_MODULES = YES;
				CLANG_ENABLE_OBJC_ARC = YES;
				CLANG_ENABLE_OBJC_WEAK = YES;
				CLANG_WARN_BLOCK_CAPTURE_AUTORELEASING = YES;
				CLANG_WARN_BOOL_CONVERSION = YES;
				CLANG_WARN_COMMA = YES;
				CLANG_WARN_CONSTANT_CONVERSION = YES;
				CLANG_WARN_DEPRECATED_OBJC_IMPLEMENTATIONS = YES;
				CLANG_WARN_DIRECT_OBJC_ISA_USAGE = YES_ERROR;
				CLANG_WARN_DOCUMENTATION_COMMENTS = YES;
				CLANG_WARN_EMPTY_BODY = YES;
				CLANG_WARN_ENUM_CONVERSION = YES;
				CLANG_WARN_INFINITE_RECURSION = YES;
				CLANG_WARN_INT_CONVERSION = YES;
				CLANG_WARN_NON_LITERAL_NULL_CONVERSION = YES;
				CLANG_WARN_OBJC_IMPLICIT_RETAIN_SELF = YES;
				CLANG_WARN_OBJC_LITERAL_CONVERSION = YES;
				CLANG_WARN_OBJC_ROOT_CLASS = YES_ERROR;
				CLANG_WARN_QUOTED_INCLUDE_IN_FRAMEWORK_HEADER = YES;
				CLANG_WARN_RANGE_LOOP_ANALYSIS = YES;
				CLANG_WARN_STRICT_PROTOTYPES = YES;
				CLANG_WARN_SUSPICIOUS_MOVE = YES;
				CLANG_WARN_UNGUARDED_AVAILABILITY = YES_AGGRESSIVE;
				CLANG_WARN_UNREACHABLE_CODE = YES;
				CLANG_WARN__DUPLICATE_METHOD_MATCH = YES;
				COPY_PHASE_STRIP = NO;
				CURRENT_PROJECT_VERSION = 1;
				DEAD_CODE_STRIPPING = YES;
				DEBUG_INFORMATION_FORMAT = "dwarf-with-dsym";
				DEVELOPMENT_TEAM = K2NA732JAX;
				ENABLE_MODULE_VERIFIER = YES;
				ENABLE_NS_ASSERTIONS = NO;
				ENABLE_STRICT_OBJC_MSGSEND = YES;
				ENABLE_TESTABILITY = YES;
				GCC_C_LANGUAGE_STANDARD = gnu11;
				GCC_NO_COMMON_BLOCKS = YES;
				GCC_TREAT_WARNINGS_AS_ERRORS = YES;
				GCC_WARN_64_TO_32_BIT_CONVERSION = YES;
				GCC_WARN_ABOUT_RETURN_TYPE = YES_ERROR;
				GCC_WARN_UNDECLARED_SELECTOR = YES;
				GCC_WARN_UNINITIALIZED_AUTOS = YES_AGGRESSIVE;
				GCC_WARN_UNUSED_FUNCTION = YES;
				GCC_WARN_UNUSED_VARIABLE = YES;
				LD_RUNPATH_SEARCH_PATHS = (
					"$(inherited)",
					"@executable_path/../Frameworks",
				);
				MACOSX_DEPLOYMENT_TARGET = 26.0;
				MARKETING_VERSION = 1.0.0;
				MODULE_VERIFIER_SUPPORTED_LANGUAGE_STANDARDS = "gnu11 gnu++14";
				MTL_ENABLE_DEBUG_INFO = NO;
				MTL_FAST_MATH = YES;
				PRODUCT_NAME = "$(TARGET_NAME)";
				SDKROOT = macosx;
				STRING_CATALOG_GENERATE_SYMBOLS = YES;
				SWIFT_COMPILATION_MODE = wholemodule;
				SWIFT_ENABLE_EXPLICIT_MODULES = NO;
				SWIFT_OPTIMIZATION_LEVEL = "-O";
				SWIFT_STRICT_CONCURRENCY = complete;
				SWIFT_TREAT_WARNINGS_AS_ERRORS = YES;
				SWIFT_VERSION = 6.3;
			};
			name = Release;
		};
		B4B736B29D09941551181172 /* Release */ = {
			isa = XCBuildConfiguration;
			buildSettings = {
				BUNDLE_LOADER = "$(TEST_HOST)";
				COMBINE_HIDPI_IMAGES = YES;
				GENERATE_INFOPLIST_FILE = YES;
				LD_RUNPATH_SEARCH_PATHS = (
					"$(inherited)",
					"@executable_path/../Frameworks",
					"@loader_path/../Frameworks",
				);
				PRODUCT_BUNDLE_IDENTIFIER = "com.agentic-toolkit.app.tests";
				SDKROOT = macosx;
				TEST_HOST = "$(BUILT_PRODUCTS_DIR)/AgenticToolkitApp.app/Contents/MacOS/AgenticToolkitApp";
			};
			name = Release;
		};
		D81C378A0A01D18F4E174764 /* Debug */ = {
			isa = XCBuildConfiguration;
			buildSettings = {
				BUNDLE_LOADER = "$(TEST_HOST)";
				COMBINE_HIDPI_IMAGES = YES;
				GENERATE_INFOPLIST_FILE = YES;
				LD_RUNPATH_SEARCH_PATHS = (
					"$(inherited)",
					"@executable_path/../Frameworks",
					"@loader_path/../Frameworks",
				);
				PRODUCT_BUNDLE_IDENTIFIER = "com.agentic-toolkit.app.tests";
				SDKROOT = macosx;
				TEST_HOST = "$(BUILT_PRODUCTS_DIR)/AgenticToolkitApp.app/Contents/MacOS/AgenticToolkitApp";
			};
			name = Debug;
		};
		DE9584B9791B4EA614CDD8D5 /* Debug */ = {
			isa = XCBuildConfiguration;
			buildSettings = {
				ASSETCATALOG_COMPILER_APPICON_NAME = AppIcon;
				CODE_SIGN_ENTITLEMENTS = AgenticToolkitApp/AgenticToolkitApp.entitlements;
				CODE_SIGN_IDENTITY = "Apple Development";
				CODE_SIGN_STYLE = Automatic;
				COMBINE_HIDPI_IMAGES = YES;
				INFOPLIST_FILE = AgenticToolkitApp/Info.plist;
				LD_RUNPATH_SEARCH_PATHS = (
					"$(inherited)",
					"@executable_path/../Frameworks",
				);
				PRODUCT_BUNDLE_IDENTIFIER = "com.agentic-toolkit.app";
				SDKROOT = macosx;
			};
			name = Debug;
		};
		E5A40ADB001A856E14916269 /* Release */ = {
			isa = XCBuildConfiguration;
			buildSettings = {
				ASSETCATALOG_COMPILER_APPICON_NAME = AppIcon;
				CODE_SIGN_ENTITLEMENTS = AgenticToolkitApp/AgenticToolkitApp.entitlements;
				CODE_SIGN_IDENTITY = "Apple Development";
				CODE_SIGN_STYLE = Automatic;
				COMBINE_HIDPI_IMAGES = YES;
				INFOPLIST_FILE = AgenticToolkitApp/Info.plist;
				LD_RUNPATH_SEARCH_PATHS = (
					"$(inherited)",
					"@executable_path/../Frameworks",
				);
				PRODUCT_BUNDLE_IDENTIFIER = "com.agentic-toolkit.app";
				SDKROOT = macosx;
			};
			name = Release;
		};
/* End XCBuildConfiguration section */

/* Begin XCConfigurationList section */
		1C57E820C07F7825C6A9DC7E /* Build configuration list for PBXNativeTarget "AgenticToolkitAppTests" */ = {
			isa = XCConfigurationList;
			buildConfigurations = (
				D81C378A0A01D18F4E174764 /* Debug */,
				B4B736B29D09941551181172 /* Release */,
			);
			defaultConfigurationIsVisible = 0;
			defaultConfigurationName = Debug;
		};
		9CAAABD7BDB026CFE52A008D /* Build configuration list for PBXProject "AgenticToolkitApp" */ = {
			isa = XCConfigurationList;
			buildConfigurations = (
				22EB66859A72BDDDD9DADACE /* Debug */,
				2ABE5E58AE9D93BF542672F0 /* Release */,
			);
			defaultConfigurationIsVisible = 0;
			defaultConfigurationName = Debug;
		};
		AF20017E82E7C8946E2BBDB8 /* Build configuration list for PBXNativeTarget "AgenticToolkitApp" */ = {
			isa = XCConfigurationList;
			buildConfigurations = (
				DE9584B9791B4EA614CDD8D5 /* Debug */,
				E5A40ADB001A856E14916269 /* Release */,
			);
			defaultConfigurationIsVisible = 0;
			defaultConfigurationName = Debug;
		};
/* End XCConfigurationList section */
	};
	rootObject = 94127FA6B27A717E4CA845C5 /* Project object */;
}
