// !$*UTF8*$!
{
	archiveVersion = 1;
	classes = {
	};
	objectVersion = 77;
	objects = {

/* Begin PBXAggregateTarget section */
		0B633CF7EA0D73DBF4070B3D /* AIPluginsMacOSAll */ = {
			isa = PBXAggregateTarget;
			buildConfigurationList = 5C0A46802A7E32079C8EFA85 /* Build configuration list for PBXAggregateTarget "AIPluginsMacOSAll" */;
			buildPhases = (
			);
			dependencies = (
				EACCC7FB25E65C81775FB12B /* PBXTargetDependency */,
				6861750D26C43A7D8641ACBF /* PBXTargetDependency */,
				1A5681112944FCD9FC9F4803 /* PBXTargetDependency */,
				BC846C53425711A4BF06F2AF /* PBXTargetDependency */,
				090B523CFAA1003160E8BAD5 /* PBXTargetDependency */,
			);
			name = AIPluginsMacOSAll;
			packageProductDependencies = (
			);
			productName = AIPluginsMacOSAll;
		};
/* End PBXAggregateTarget section */

/* Begin PBXBuildFile section */
		1339A42FE1E9DEC27CC621A4 /* AIPluginKit.framework in Frameworks */ = {isa = PBXBuildFile; fileRef = 23B536D26A9E9F1FF75EF851 /* AIPluginKit.framework */; };
		1F60DED76900A0C0CC6C0BCE /* DescriptorCatalogTests.swift in Sources */ = {isa = PBXBuildFile; fileRef = D8AA1099BF41B48A15831765 /* DescriptorCatalogTests.swift */; };
		27C753F2AC1AE55808FCA62E /* OpenAICompatiblePlugin.swift in Sources */ = {isa = PBXBuildFile; fileRef = B571AAC015A36CF7AC1CB2AF /* OpenAICompatiblePlugin.swift */; };
		2C143887F7DCC6DF93CB7954 /* AIPluginKit.framework in Frameworks */ = {isa = PBXBuildFile; fileRef = 23B536D26A9E9F1FF75EF851 /* AIPluginKit.framework */; };
		2FCD35BD2AF65928D2853B08 /* descriptor.json in Resources */ = {isa = PBXBuildFile; fileRef = 01AFC2D039B840CE140AF9AB /* descriptor.json */; };
		38272E4A8383A25809FCAA2F /* GooglePlugin.swift in Sources */ = {isa = PBXBuildFile; fileRef = E8E7F00486CCEB3CFB46EB96 /* GooglePlugin.swift */; };
		3DBAA19627ACFD5165E1AADD /* descriptor.json in Resources */ = {isa = PBXBuildFile; fileRef = D8FDDE4F8160D84E641D3F01 /* descriptor.json */; };
		4032C08C69EF2791523A7154 /* ClaudeAPIPlugin.swift in Sources */ = {isa = PBXBuildFile; fileRef = FCF0E2C70955B3DCFD52F42E /* ClaudeAPIPlugin.swift */; };
		4055E75B95ABB98D4EBDA069 /* OpenAICompatiblePlugin.swift in Sources */ = {isa = PBXBuildFile; fileRef = B571AAC015A36CF7AC1CB2AF /* OpenAICompatiblePlugin.swift */; };
		511A9EC6FA1F2EC6B97A1DB1 /* OpenAIPlugin.swift in Sources */ = {isa = PBXBuildFile; fileRef = 8CE5EC26A0AB7F543D9FE01E /* OpenAIPlugin.swift */; };
		66FA220B50D2F7703ED1706C /* AIPluginKit.framework in Frameworks */ = {isa = PBXBuildFile; fileRef = 23B536D26A9E9F1FF75EF851 /* AIPluginKit.framework */; };
		6CECE5D45CEA51315CE3980C /* GooglePlugin.swift in Sources */ = {isa = PBXBuildFile; fileRef = E8E7F00486CCEB3CFB46EB96 /* GooglePlugin.swift */; };
		893C303BE350EA5A2F1BE0EE /* ClaudeLocalPlugin.swift in Sources */ = {isa = PBXBuildFile; fileRef = 8CE3B7CA4B2495D6C42AF319 /* ClaudeLocalPlugin.swift */; };
		8DB12AE86FD10EFFF02AFE9E /* AIPluginKit.framework in Frameworks */ = {isa = PBXBuildFile; fileRef = 23B536D26A9E9F1FF75EF851 /* AIPluginKit.framework */; };
		8EF26FE8DB45DCBDA8542325 /* ClaudeLocalPlugin.swift in Sources */ = {isa = PBXBuildFile; fileRef = 8CE3B7CA4B2495D6C42AF319 /* ClaudeLocalPlugin.swift */; };
		9099943A0E91DF336EF78D5B /* descriptor.json in Resources */ = {isa = PBXBuildFile; fileRef = 58CF6810B000D92EDF5D3A84 /* descriptor.json */; };
		9BA2C6A8DA5B0B8B9E097FAE /* descriptor.json in Resources */ = {isa = PBXBuildFile; fileRef = 00B4FC78444596592AD95074 /* descriptor.json */; };
		A4C79FED4C5E26CE247C2305 /* ClaudeAPIPlugin.swift in Sources */ = {isa = PBXBuildFile; fileRef = FCF0E2C70955B3DCFD52F42E /* ClaudeAPIPlugin.swift */; };
		A9FC14B3250E4A7510095AE9 /* OpenAIPlugin.swift in Sources */ = {isa = PBXBuildFile; fileRef = 8CE5EC26A0AB7F543D9FE01E /* OpenAIPlugin.swift */; };
		ACAF73FF162386FE0466A7CA /* AIPluginKit.framework in Frameworks */ = {isa = PBXBuildFile; fileRef = 23B536D26A9E9F1FF75EF851 /* AIPluginKit.framework */; };
		C337ABC8390ED4F4784946AC /* PluginDecoderTests.swift in Sources */ = {isa = PBXBuildFile; fileRef = 9885A563B070C0B3B9723366 /* PluginDecoderTests.swift */; };
		CD23C78DE42F30E9CD22067E /* AIPluginKit.framework in Embed Frameworks */ = {isa = PBXBuildFile; fileRef = 23B536D26A9E9F1FF75EF851 /* AIPluginKit.framework */; settings = {ATTRIBUTES = (CodeSignOnCopy, RemoveHeadersOnCopy, ); }; };
		D846F9071F9339135BBBCE9E /* PluginRequestTests.swift in Sources */ = {isa = PBXBuildFile; fileRef = 1C0B2564A8AAEE7E7080F2FC /* PluginRequestTests.swift */; };
		DE29B3565BABDE764F8BAE93 /* descriptor.json in Resources */ = {isa = PBXBuildFile; fileRef = 915248E9589DCCCD38E05A42 /* descriptor.json */; };
		F97159B952D401A44C25B4D3 /* AIPluginKit.framework in Frameworks */ = {isa = PBXBuildFile; fileRef = 23B536D26A9E9F1FF75EF851 /* AIPluginKit.framework */; };
/* End PBXBuildFile section */

/* Begin PBXContainerItemProxy section */
		03299953B0A57E5FFCE7A0DF /* PBXContainerItemProxy */ = {
			isa = PBXContainerItemProxy;
			containerPortal = AB6EE58E62C50776B8A0372B /* AgenticToolkit */;
			proxyType = 1;
			remoteGlobalIDString = 75B33B7BC0E7B443EFB94243;
			remoteInfo = AIPluginKit;
		};
		0FD95DFE5EFFE5F9F2C6D406 /* PBXContainerItemProxy */ = {
			isa = PBXContainerItemProxy;
			containerPortal = AB6EE58E62C50776B8A0372B /* AgenticToolkit */;
			proxyType = 2;
			remoteGlobalIDString = FD467D736FA5B431DD30B091;
			remoteInfo = AIPluginKit;
		};
		48282FFF22F82D40BBFB9E95 /* PBXContainerItemProxy */ = {
			isa = PBXContainerItemProxy;
			containerPortal = DD383D4A13970DC0F38EC011 /* Project object */;
			proxyType = 1;
			remoteGlobalIDString = 78D0E6AA9542822FD01209E4;
			remoteInfo = ClaudeAPI;
		};
		5AB27CE80D96D1260DE773B1 /* PBXContainerItemProxy */ = {
			isa = PBXContainerItemProxy;
			containerPortal = AB6EE58E62C50776B8A0372B /* AgenticToolkit */;
			proxyType = 1;
			remoteGlobalIDString = 75B33B7BC0E7B443EFB94243;
			remoteInfo = AIPluginKit;
		};
		840D9D7C9DECD44B35C1B072 /* PBXContainerItemProxy */ = {
			isa = PBXContainerItemProxy;
			containerPortal = DD383D4A13970DC0F38EC011 /* Project object */;
			proxyType = 1;
			remoteGlobalIDString = 69B12492E5D241F6EF3DAC75;
			remoteInfo = ClaudeLocal;
		};
		9BEB4C4DC137407F724363C4 /* PBXContainerItemProxy */ = {
			isa = PBXContainerItemProxy;
			containerPortal = AB6EE58E62C50776B8A0372B /* AgenticToolkit */;
			proxyType = 1;
			remoteGlobalIDString = 75B33B7BC0E7B443EFB94243;
			remoteInfo = AIPluginKit;
		};
		9CF450E8EBA264C1A1F857E3 /* PBXContainerItemProxy */ = {
			isa = PBXContainerItemProxy;
			containerPortal = AB6EE58E62C50776B8A0372B /* AgenticToolkit */;
			proxyType = 1;
			remoteGlobalIDString = 75B33B7BC0E7B443EFB94243;
			remoteInfo = AIPluginKit;
		};
		B0E3594C8FAA077B86CB91D1 /* PBXContainerItemProxy */ = {
			isa = PBXContainerItemProxy;
			containerPortal = DD383D4A13970DC0F38EC011 /* Project object */;
			proxyType = 1;
			remoteGlobalIDString = BA37AF4B2F16BE7AB23931CA;
			remoteInfo = Google;
		};
		D3E204CBC6AC56DE0F7BEA53 /* PBXContainerItemProxy */ = {
			isa = PBXContainerItemProxy;
			containerPortal = AB6EE58E62C50776B8A0372B /* AgenticToolkit */;
			proxyType = 1;
			remoteGlobalIDString = 75B33B7BC0E7B443EFB94243;
			remoteInfo = AIPluginKit;
		};
		DD678D36375EC41B9A63D71F /* PBXContainerItemProxy */ = {
			isa = PBXContainerItemProxy;
			containerPortal = DD383D4A13970DC0F38EC011 /* Project object */;
			proxyType = 1;
			remoteGlobalIDString = 4902207C4C9CDF009D44C9FA;
			remoteInfo = OpenAICompatible;
		};
		EF313B1E0F9EC0DC2BB3EAED /* PBXContainerItemProxy */ = {
			isa = PBXContainerItemProxy;
			containerPortal = AB6EE58E62C50776B8A0372B /* AgenticToolkit */;
			proxyType = 1;
			remoteGlobalIDString = 75B33B7BC0E7B443EFB94243;
			remoteInfo = AIPluginKit;
		};
		F91AAC41B8E56FF85764CCD9 /* PBXContainerItemProxy */ = {
			isa = PBXContainerItemProxy;
			containerPortal = DD383D4A13970DC0F38EC011 /* Project object */;
			proxyType = 1;
			remoteGlobalIDString = 40E8B4B9D4D13B107306FAD1;
			remoteInfo = OpenAI;
		};
/* End PBXContainerItemProxy section */

/* Begin PBXCopyFilesBuildPhase section */
		7B194D32894074886A8D9506 /* Embed Frameworks */ = {
			isa = PBXCopyFilesBuildPhase;
			buildActionMask = 2147483647;
			dstPath = "";
			dstSubfolderSpec = 10;
			files = (
				CD23C78DE42F30E9CD22067E /* AIPluginKit.framework in Embed Frameworks */,
			);
			name = "Embed Frameworks";
			runOnlyForDeploymentPostprocessing = 0;
		};
/* End PBXCopyFilesBuildPhase section */

/* Begin PBXFileReference section */
		00B4FC78444596592AD95074 /* descriptor.json */ = {isa = PBXFileReference; lastKnownFileType = text.json; path = descriptor.json; sourceTree = "<group>"; };
		01AFC2D039B840CE140AF9AB /* descriptor.json */ = {isa = PBXFileReference; lastKnownFileType = text.json; path = descriptor.json; sourceTree = "<group>"; };
		128DE2EF37380B2620427ABB /* AIPluginsTests.xctest */ = {isa = PBXFileReference; explicitFileType = wrapper.cfbundle; includeInIndex = 0; path = AIPluginsTests.xctest; sourceTree = BUILT_PRODUCTS_DIR; };
		1C0B2564A8AAEE7E7080F2FC /* PluginRequestTests.swift */ = {isa = PBXFileReference; lastKnownFileType = sourcecode.swift; path = PluginRequestTests.swift; sourceTree = "<group>"; };
		58CF6810B000D92EDF5D3A84 /* descriptor.json */ = {isa = PBXFileReference; lastKnownFileType = text.json; path = descriptor.json; sourceTree = "<group>"; };
		79563BD36327321665696A42 /* ClaudeLocal.bundle */ = {isa = PBXFileReference; explicitFileType = wrapper.cfbundle; includeInIndex = 0; path = ClaudeLocal.bundle; sourceTree = BUILT_PRODUCTS_DIR; };
		7F7CEFDBC7B0E9FF507E8015 /* OpenAI.bundle */ = {isa = PBXFileReference; explicitFileType = wrapper.cfbundle; includeInIndex = 0; path = OpenAI.bundle; sourceTree = BUILT_PRODUCTS_DIR; };
		8A6A612856009C2E5E21A3C2 /* ClaudeAPI.bundle */ = {isa = PBXFileReference; explicitFileType = wrapper.cfbundle; includeInIndex = 0; path = ClaudeAPI.bundle; sourceTree = BUILT_PRODUCTS_DIR; };
		8CE3B7CA4B2495D6C42AF319 /* ClaudeLocalPlugin.swift */ = {isa = PBXFileReference; lastKnownFileType = sourcecode.swift; path = ClaudeLocalPlugin.swift; sourceTree = "<group>"; };
		8CE5EC26A0AB7F543D9FE01E /* OpenAIPlugin.swift */ = {isa = PBXFileReference; lastKnownFileType = sourcecode.swift; path = OpenAIPlugin.swift; sourceTree = "<group>"; };
		915248E9589DCCCD38E05A42 /* descriptor.json */ = {isa = PBXFileReference; lastKnownFileType = text.json; path = descriptor.json; sourceTree = "<group>"; };
		9885A563B070C0B3B9723366 /* PluginDecoderTests.swift */ = {isa = PBXFileReference; lastKnownFileType = sourcecode.swift; path = PluginDecoderTests.swift; sourceTree = "<group>"; };
		AB6EE58E62C50776B8A0372B /* AgenticToolkit */ = {isa = PBXFileReference; lastKnownFileType = "wrapper.pb-project"; name = AgenticToolkit; path = ../AgenticToolkit/AgenticToolkit.xcodeproj; sourceTree = "<group>"; };
		AE0AF1BEA1B1871B876D693A /* Google.bundle */ = {isa = PBXFileReference; explicitFileType = wrapper.cfbundle; includeInIndex = 0; path = Google.bundle; sourceTree = BUILT_PRODUCTS_DIR; };
		B571AAC015A36CF7AC1CB2AF /* OpenAICompatiblePlugin.swift */ = {isa = PBXFileReference; lastKnownFileType = sourcecode.swift; path = OpenAICompatiblePlugin.swift; sourceTree = "<group>"; };
		D19C0E456C2DCC53E589A20F /* OpenAICompatible.bundle */ = {isa = PBXFileReference; explicitFileType = wrapper.cfbundle; includeInIndex = 0; path = OpenAICompatible.bundle; sourceTree = BUILT_PRODUCTS_DIR; };
		D8AA1099BF41B48A15831765 /* DescriptorCatalogTests.swift */ = {isa = PBXFileReference; lastKnownFileType = sourcecode.swift; path = DescriptorCatalogTests.swift; sourceTree = "<group>"; };
		D8FDDE4F8160D84E641D3F01 /* descriptor.json */ = {isa = PBXFileReference; lastKnownFileType = text.json; path = descriptor.json; sourceTree = "<group>"; };
		E8E7F00486CCEB3CFB46EB96 /* GooglePlugin.swift */ = {isa = PBXFileReference; lastKnownFileType = sourcecode.swift; path = GooglePlugin.swift; sourceTree = "<group>"; };
		FCF0E2C70955B3DCFD52F42E /* ClaudeAPIPlugin.swift */ = {isa = PBXFileReference; lastKnownFileType = sourcecode.swift; path = ClaudeAPIPlugin.swift; sourceTree = "<group>"; };
/* End PBXFileReference section */

/* Begin PBXFrameworksBuildPhase section */
		7627131224B7D26F8D1B9710 /* Frameworks */ = {
			isa = PBXFrameworksBuildPhase;
			buildActionMask = 2147483647;
			files = (
				8DB12AE86FD10EFFF02AFE9E /* AIPluginKit.framework in Frameworks */,
			);
			runOnlyForDeploymentPostprocessing = 0;
		};
		A485582FFBCEF05D094E364A /* Frameworks */ = {
			isa = PBXFrameworksBuildPhase;
			buildActionMask = 2147483647;
			files = (
				1339A42FE1E9DEC27CC621A4 /* AIPluginKit.framework in Frameworks */,
			);
			runOnlyForDeploymentPostprocessing = 0;
		};
		B8363725CBB07A8D107F344F /* Frameworks */ = {
			isa = PBXFrameworksBuildPhase;
			buildActionMask = 2147483647;
			files = (
				ACAF73FF162386FE0466A7CA /* AIPluginKit.framework in Frameworks */,
			);
			runOnlyForDeploymentPostprocessing = 0;
		};
		BB1BC382756F5F5B05AAC170 /* Frameworks */ = {
			isa = PBXFrameworksBuildPhase;
			buildActionMask = 2147483647;
			files = (
				66FA220B50D2F7703ED1706C /* AIPluginKit.framework in Frameworks */,
			);
			runOnlyForDeploymentPostprocessing = 0;
		};
		EF5DE97AD8241ECE6A431536 /* Frameworks */ = {
			isa = PBXFrameworksBuildPhase;
			buildActionMask = 2147483647;
			files = (
				2C143887F7DCC6DF93CB7954 /* AIPluginKit.framework in Frameworks */,
			);
			runOnlyForDeploymentPostprocessing = 0;
		};
		EFB4957DD3809E5D70D985DA /* Frameworks */ = {
			isa = PBXFrameworksBuildPhase;
			buildActionMask = 2147483647;
			files = (
				F97159B952D401A44C25B4D3 /* AIPluginKit.framework in Frameworks */,
			);
			runOnlyForDeploymentPostprocessing = 0;
		};
/* End PBXFrameworksBuildPhase section */

/* Begin PBXGroup section */
		079A00D2A2D0F1E3A0AC19E2 /* Tests */ = {
			isa = PBXGroup;
			children = (
				D8AA1099BF41B48A15831765 /* DescriptorCatalogTests.swift */,
				9885A563B070C0B3B9723366 /* PluginDecoderTests.swift */,
				1C0B2564A8AAEE7E7080F2FC /* PluginRequestTests.swift */,
			);
			path = Tests;
			sourceTree = "<group>";
		};
		3013958099BFCD9E9487936E = {
			isa = PBXGroup;
			children = (
				DCAE058B722229AB2380FE17 /* ClaudeAPI */,
				E84549BD419E267A6C27B4A5 /* ClaudeLocal */,
				9E67D7008AE28148248B689F /* Google */,
				D2138CB62BB44E61B98DD24C /* OpenAI */,
				FE96172D919F63BB17190BCD /* OpenAICompatible */,
				079A00D2A2D0F1E3A0AC19E2 /* Tests */,
				512156939C8E6A387DA6BA98 /* Products */,
				8F29C301737460E330F4AAEA /* Projects */,
			);
			sourceTree = "<group>";
		};
		512156939C8E6A387DA6BA98 /* Products */ = {
			isa = PBXGroup;
			children = (
				128DE2EF37380B2620427ABB /* AIPluginsTests.xctest */,
				8A6A612856009C2E5E21A3C2 /* ClaudeAPI.bundle */,
				79563BD36327321665696A42 /* ClaudeLocal.bundle */,
				AE0AF1BEA1B1871B876D693A /* Google.bundle */,
				7F7CEFDBC7B0E9FF507E8015 /* OpenAI.bundle */,
				D19C0E456C2DCC53E589A20F /* OpenAICompatible.bundle */,
			);
			name = Products;
			sourceTree = "<group>";
		};
		8F29C301737460E330F4AAEA /* Projects */ = {
			isa = PBXGroup;
			children = (
				AB6EE58E62C50776B8A0372B /* AgenticToolkit */,
			);
			name = Projects;
			sourceTree = "<group>";
		};
		9B9DA31E23A4D50698E514B5 /* Products */ = {
			isa = PBXGroup;
			children = (
				23B536D26A9E9F1FF75EF851 /* AIPluginKit.framework */,
			);
			name = Products;
			sourceTree = "<group>";
		};
		9E67D7008AE28148248B689F /* Google */ = {
			isa = PBXGroup;
			children = (
				01AFC2D039B840CE140AF9AB /* descriptor.json */,
				E8E7F00486CCEB3CFB46EB96 /* GooglePlugin.swift */,
			);
			path = Google;
			sourceTree = "<group>";
		};
		D2138CB62BB44E61B98DD24C /* OpenAI */ = {
			isa = PBXGroup;
			children = (
				D8FDDE4F8160D84E641D3F01 /* descriptor.json */,
				8CE5EC26A0AB7F543D9FE01E /* OpenAIPlugin.swift */,
			);
			path = OpenAI;
			sourceTree = "<group>";
		};
		DCAE058B722229AB2380FE17 /* ClaudeAPI */ = {
			isa = PBXGroup;
			children = (
				FCF0E2C70955B3DCFD52F42E /* ClaudeAPIPlugin.swift */,
				00B4FC78444596592AD95074 /* descriptor.json */,
			);
			path = ClaudeAPI;
			sourceTree = "<group>";
		};
		E84549BD419E267A6C27B4A5 /* ClaudeLocal */ = {
			isa = PBXGroup;
			children = (
				8CE3B7CA4B2495D6C42AF319 /* ClaudeLocalPlugin.swift */,
				58CF6810B000D92EDF5D3A84 /* descriptor.json */,
			);
			path = ClaudeLocal;
			sourceTree = "<group>";
		};
		FE96172D919F63BB17190BCD /* OpenAICompatible */ = {
			isa = PBXGroup;
			children = (
				915248E9589DCCCD38E05A42 /* descriptor.json */,
				B571AAC015A36CF7AC1CB2AF /* OpenAICompatiblePlugin.swift */,
			);
			path = OpenAICompatible;
			sourceTree = "<group>";
		};
/* End PBXGroup section */

/* Begin PBXNativeTarget section */
		3B530741512CAB2E3611F8BD /* AIPluginsTests */ = {
			isa = PBXNativeTarget;
			buildConfigurationList = 9DB6D316E4D618A31FDDD67D /* Build configuration list for PBXNativeTarget "AIPluginsTests" */;
			buildPhases = (
				8FC659D576D8E2680576DC21 /* SwiftLint */,
				4DEDB0550F83D701B08B0B12 /* Sources */,
				7627131224B7D26F8D1B9710 /* Frameworks */,
				7B194D32894074886A8D9506 /* Embed Frameworks */,
			);
			buildRules = (
			);
			dependencies = (
				A28ADE575824CB6189BBC6F6 /* PBXTargetDependency */,
			);
			name = AIPluginsTests;
			packageProductDependencies = (
			);
			productName = AIPluginsTests;
			productReference = 128DE2EF37380B2620427ABB /* AIPluginsTests.xctest */;
			productType = "com.apple.product-type.bundle.unit-test";
		};
		40E8B4B9D4D13B107306FAD1 /* OpenAI */ = {
			isa = PBXNativeTarget;
			buildConfigurationList = D87F537587DE84EC313B093E /* Build configuration list for PBXNativeTarget "OpenAI" */;
			buildPhases = (
				7D320D4AF7DE8B7386AD85E5 /* SwiftLint */,
				500D95DB61344EC1088DBD06 /* Sources */,
				58353875AEBF0A9F8229CBFC /* Resources */,
				EFB4957DD3809E5D70D985DA /* Frameworks */,
				CB41CFE654A0F740A09F9DEA /* Install to ~/.agenticplugins */,
			);
			buildRules = (
			);
			dependencies = (
				DC23821EE0388CECD0EA7931 /* PBXTargetDependency */,
			);
			name = OpenAI;
			packageProductDependencies = (
			);
			productName = OpenAI;
			productReference = 7F7CEFDBC7B0E9FF507E8015 /* OpenAI.bundle */;
			productType = "com.apple.product-type.bundle";
		};
		4902207C4C9CDF009D44C9FA /* OpenAICompatible */ = {
			isa = PBXNativeTarget;
			buildConfigurationList = 5AE1062D2A8250BB76099BDB /* Build configuration list for PBXNativeTarget "OpenAICompatible" */;
			buildPhases = (
				C026AF4D53BCF5BB6973B99F /* SwiftLint */,
				B8852837DB3305F1754F92ED /* Sources */,
				B6D6B0882D07E2FE002BBD85 /* Resources */,
				BB1BC382756F5F5B05AAC170 /* Frameworks */,
				399DC83516F4F8D72F9E644F /* Install to ~/.agenticplugins */,
			);
			buildRules = (
			);
			dependencies = (
				D8BAF6BC685AD2C9B01926E1 /* PBXTargetDependency */,
			);
			name = OpenAICompatible;
			packageProductDependencies = (
			);
			productName = OpenAICompatible;
			productReference = D19C0E456C2DCC53E589A20F /* OpenAICompatible.bundle */;
			productType = "com.apple.product-type.bundle";
		};
		69B12492E5D241F6EF3DAC75 /* ClaudeLocal */ = {
			isa = PBXNativeTarget;
			buildConfigurationList = 98B5DE36FF4FA2B34568C118 /* Build configuration list for PBXNativeTarget "ClaudeLocal" */;
			buildPhases = (
				5AD4CBA22431D5C32738E2C8 /* SwiftLint */,
				1AE37AA861A82C4B4F805E95 /* Sources */,
				6C8082CE9E4C07E3340B4871 /* Resources */,
				B8363725CBB07A8D107F344F /* Frameworks */,
				C3CD6AB1A4A00D10F140CCA6 /* Install to ~/.agenticplugins */,
			);
			buildRules = (
			);
			dependencies = (
				D457464FBAD3A29284392BE4 /* PBXTargetDependency */,
			);
			name = ClaudeLocal;
			packageProductDependencies = (
			);
			productName = ClaudeLocal;
			productReference = 79563BD36327321665696A42 /* ClaudeLocal.bundle */;
			productType = "com.apple.product-type.bundle";
		};
		78D0E6AA9542822FD01209E4 /* ClaudeAPI */ = {
			isa = PBXNativeTarget;
			buildConfigurationList = 82F655E28E948E662E77E028 /* Build configuration list for PBXNativeTarget "ClaudeAPI" */;
			buildPhases = (
				572192510E5E1A967BEACACE /* SwiftLint */,
				BC45C9DB23EC021B6D5F64C3 /* Sources */,
				77F1B7F5D082E96C8926DE1B /* Resources */,
				EF5DE97AD8241ECE6A431536 /* Frameworks */,
				B7811E083E81C37EE2134CFF /* Install to ~/.agenticplugins */,
			);
			buildRules = (
			);
			dependencies = (
				6C954E54F1B6731BC9250834 /* PBXTargetDependency */,
			);
			name = ClaudeAPI;
			packageProductDependencies = (
			);
			productName = ClaudeAPI;
			productReference = 8A6A612856009C2E5E21A3C2 /* ClaudeAPI.bundle */;
			productType = "com.apple.product-type.bundle";
		};
		BA37AF4B2F16BE7AB23931CA /* Google */ = {
			isa = PBXNativeTarget;
			buildConfigurationList = 1DADD78F4AF7AFC474C2CE6E /* Build configuration list for PBXNativeTarget "Google" */;
			buildPhases = (
				75DB6E38AB4962031F040020 /* SwiftLint */,
				B4DD2844608E52AC614BD97A /* Sources */,
				8CEBEA58BBDDC3525D56E31D /* Resources */,
				A485582FFBCEF05D094E364A /* Frameworks */,
				C037A96FAA23E3B79C98945C /* Install to ~/.agenticplugins */,
			);
			buildRules = (
			);
			dependencies = (
				7121BBE8D7D0B3BF116570C7 /* PBXTargetDependency */,
			);
			name = Google;
			packageProductDependencies = (
			);
			productName = Google;
			productReference = AE0AF1BEA1B1871B876D693A /* Google.bundle */;
			productType = "com.apple.product-type.bundle";
		};
/* End PBXNativeTarget section */

/* Begin PBXProject section */
		DD383D4A13970DC0F38EC011 /* Project object */ = {
			isa = PBXProject;
			attributes = {
				BuildIndependentTargetsInParallel = YES;
				LastUpgradeCheck = 2640;
				TargetAttributes = {
				};
			};
			buildConfigurationList = 2312467F2C7A6F62BE9A00A7 /* Build configuration list for PBXProject "AIPlugins" */;
			developmentRegion = en;
			hasScannedForEncodings = 0;
			knownRegions = (
				Base,
				en,
			);
			mainGroup = 3013958099BFCD9E9487936E;
			minimizedProjectReferenceProxies = 1;
			preferredProjectObjectVersion = 77;
			productRefGroup = 512156939C8E6A387DA6BA98 /* Products */;
			projectDirPath = "";
			projectReferences = (
				{
					ProductGroup = 9B9DA31E23A4D50698E514B5 /* Products */;
					ProjectRef = AB6EE58E62C50776B8A0372B /* AgenticToolkit */;
				},
			);
			projectRoot = "";
			targets = (
				0B633CF7EA0D73DBF4070B3D /* AIPluginsMacOSAll */,
				3B530741512CAB2E3611F8BD /* AIPluginsTests */,
				78D0E6AA9542822FD01209E4 /* ClaudeAPI */,
				69B12492E5D241F6EF3DAC75 /* ClaudeLocal */,
				BA37AF4B2F16BE7AB23931CA /* Google */,
				40E8B4B9D4D13B107306FAD1 /* OpenAI */,
				4902207C4C9CDF009D44C9FA /* OpenAICompatible */,
			);
		};
/* End PBXProject section */

/* Begin PBXReferenceProxy section */
		23B536D26A9E9F1FF75EF851 /* AIPluginKit.framework */ = {
			isa = PBXReferenceProxy;
			fileType = wrapper.framework;
			path = AIPluginKit.framework;
			remoteRef = 0FD95DFE5EFFE5F9F2C6D406 /* PBXContainerItemProxy */;
			sourceTree = BUILT_PRODUCTS_DIR;
		};
/* End PBXReferenceProxy section */

/* Begin PBXResourcesBuildPhase section */
		58353875AEBF0A9F8229CBFC /* Resources */ = {
			isa = PBXResourcesBuildPhase;
			buildActionMask = 2147483647;
			files = (
				3DBAA19627ACFD5165E1AADD /* descriptor.json in Resources */,
			);
			runOnlyForDeploymentPostprocessing = 0;
		};
		6C8082CE9E4C07E3340B4871 /* Resources */ = {
			isa = PBXResourcesBuildPhase;
			buildActionMask = 2147483647;
			files = (
				9099943A0E91DF336EF78D5B /* descriptor.json in Resources */,
			);
			runOnlyForDeploymentPostprocessing = 0;
		};
		77F1B7F5D082E96C8926DE1B /* Resources */ = {
			isa = PBXResourcesBuildPhase;
			buildActionMask = 2147483647;
			files = (
				9BA2C6A8DA5B0B8B9E097FAE /* descriptor.json in Resources */,
			);
			runOnlyForDeploymentPostprocessing = 0;
		};
		8CEBEA58BBDDC3525D56E31D /* Resources */ = {
			isa = PBXResourcesBuildPhase;
			buildActionMask = 2147483647;
			files = (
				2FCD35BD2AF65928D2853B08 /* descriptor.json in Resources */,
			);
			runOnlyForDeploymentPostprocessing = 0;
		};
		B6D6B0882D07E2FE002BBD85 /* Resources */ = {
			isa = PBXResourcesBuildPhase;
			buildActionMask = 2147483647;
			files = (
				DE29B3565BABDE764F8BAE93 /* descriptor.json in Resources */,
			);
			runOnlyForDeploymentPostprocessing = 0;
		};
/* End PBXResourcesBuildPhase section */

/* Begin PBXShellScriptBuildPhase section */
		399DC83516F4F8D72F9E644F /* Install to ~/.agenticplugins */ = {
			isa = PBXShellScriptBuildPhase;
			alwaysOutOfDate = 1;
			buildActionMask = 2147483647;
			files = (
			);
			inputFileListPaths = (
			);
			inputPaths = (
			);
			name = "Install to ~/.agenticplugins";
			outputFileListPaths = (
			);
			outputPaths = (
			);
			runOnlyForDeploymentPostprocessing = 0;
			shellPath = /bin/sh;
			shellScript = "/usr/bin/python3 \"$PROJECT_DIR/tools/self_install_plugin.py\"\n";
		};
		572192510E5E1A967BEACACE /* SwiftLint */ = {
			isa = PBXShellScriptBuildPhase;
			alwaysOutOfDate = 1;
			buildActionMask = 2147483647;
			files = (
			);
			inputFileListPaths = (
			);
			inputPaths = (
			);
			name = SwiftLint;
			outputFileListPaths = (
			);
			outputPaths = (
			);
			runOnlyForDeploymentPostprocessing = 0;
			shellPath = /bin/sh;
			shellScript = "if [[ \"$(uname -m)\" == \"arm64\" ]]; then\n  export PATH=\"/opt/homebrew/bin:$PATH\"\nfi\nif which swiftlint >/dev/null; then\n  swiftlint lint --quiet --strict\nelse\n  echo \"warning: SwiftLint not installed; brew install swiftlint to enable\"\nfi\n";
		};
		5AD4CBA22431D5C32738E2C8 /* SwiftLint */ = {
			isa = PBXShellScriptBuildPhase;
			alwaysOutOfDate = 1;
			buildActionMask = 2147483647;
			files = (
			);
			inputFileListPaths = (
			);
			inputPaths = (
			);
			name = SwiftLint;
			outputFileListPaths = (
			);
			outputPaths = (
			);
			runOnlyForDeploymentPostprocessing = 0;
			shellPath = /bin/sh;
			shellScript = "if [[ \"$(uname -m)\" == \"arm64\" ]]; then\n  export PATH=\"/opt/homebrew/bin:$PATH\"\nfi\nif which swiftlint >/dev/null; then\n  swiftlint lint --quiet --strict\nelse\n  echo \"warning: SwiftLint not installed; brew install swiftlint to enable\"\nfi\n";
		};
		75DB6E38AB4962031F040020 /* SwiftLint */ = {
			isa = PBXShellScriptBuildPhase;
			alwaysOutOfDate = 1;
			buildActionMask = 2147483647;
			files = (
			);
			inputFileListPaths = (
			);
			inputPaths = (
			);
			name = SwiftLint;
			outputFileListPaths = (
			);
			outputPaths = (
			);
			runOnlyForDeploymentPostprocessing = 0;
			shellPath = /bin/sh;
			shellScript = "if [[ \"$(uname -m)\" == \"arm64\" ]]; then\n  export PATH=\"/opt/homebrew/bin:$PATH\"\nfi\nif which swiftlint >/dev/null; then\n  swiftlint lint --quiet --strict\nelse\n  echo \"warning: SwiftLint not installed; brew install swiftlint to enable\"\nfi\n";
		};
		7D320D4AF7DE8B7386AD85E5 /* SwiftLint */ = {
			isa = PBXShellScriptBuildPhase;
			alwaysOutOfDate = 1;
			buildActionMask = 2147483647;
			files = (
			);
			inputFileListPaths = (
			);
			inputPaths = (
			);
			name = SwiftLint;
			outputFileListPaths = (
			);
			outputPaths = (
			);
			runOnlyForDeploymentPostprocessing = 0;
			shellPath = /bin/sh;
			shellScript = "if [[ \"$(uname -m)\" == \"arm64\" ]]; then\n  export PATH=\"/opt/homebrew/bin:$PATH\"\nfi\nif which swiftlint >/dev/null; then\n  swiftlint lint --quiet --strict\nelse\n  echo \"warning: SwiftLint not installed; brew install swiftlint to enable\"\nfi\n";
		};
		8FC659D576D8E2680576DC21 /* SwiftLint */ = {
			isa = PBXShellScriptBuildPhase;
			alwaysOutOfDate = 1;
			buildActionMask = 2147483647;
			files = (
			);
			inputFileListPaths = (
			);
			inputPaths = (
			);
			name = SwiftLint;
			outputFileListPaths = (
			);
			outputPaths = (
			);
			runOnlyForDeploymentPostprocessing = 0;
			shellPath = /bin/sh;
			shellScript = "if [[ \"$(uname -m)\" == \"arm64\" ]]; then\n  export PATH=\"/opt/homebrew/bin:$PATH\"\nfi\nif which swiftlint >/dev/null; then\n  swiftlint lint --quiet --strict\nelse\n  echo \"warning: SwiftLint not installed; brew install swiftlint to enable\"\nfi\n";
		};
		B7811E083E81C37EE2134CFF /* Install to ~/.agenticplugins */ = {
			isa = PBXShellScriptBuildPhase;
			alwaysOutOfDate = 1;
			buildActionMask = 2147483647;
			files = (
			);
			inputFileListPaths = (
			);
			inputPaths = (
			);
			name = "Install to ~/.agenticplugins";
			outputFileListPaths = (
			);
			outputPaths = (
			);
			runOnlyForDeploymentPostprocessing = 0;
			shellPath = /bin/sh;
			shellScript = "/usr/bin/python3 \"$PROJECT_DIR/tools/self_install_plugin.py\"\n";
		};
		C026AF4D53BCF5BB6973B99F /* SwiftLint */ = {
			isa = PBXShellScriptBuildPhase;
			alwaysOutOfDate = 1;
			buildActionMask = 2147483647;
			files = (
			);
			inputFileListPaths = (
			);
			inputPaths = (
			);
			name = SwiftLint;
			outputFileListPaths = (
			);
			outputPaths = (
			);
			runOnlyForDeploymentPostprocessing = 0;
			shellPath = /bin/sh;
			shellScript = "if [[ \"$(uname -m)\" == \"arm64\" ]]; then\n  export PATH=\"/opt/homebrew/bin:$PATH\"\nfi\nif which swiftlint >/dev/null; then\n  swiftlint lint --quiet --strict\nelse\n  echo \"warning: SwiftLint not installed; brew install swiftlint to enable\"\nfi\n";
		};
		C037A96FAA23E3B79C98945C /* Install to ~/.agenticplugins */ = {
			isa = PBXShellScriptBuildPhase;
			alwaysOutOfDate = 1;
			buildActionMask = 2147483647;
			files = (
			);
			inputFileListPaths = (
			);
			inputPaths = (
			);
			name = "Install to ~/.agenticplugins";
			outputFileListPaths = (
			);
			outputPaths = (
			);
			runOnlyForDeploymentPostprocessing = 0;
			shellPath = /bin/sh;
			shellScript = "/usr/bin/python3 \"$PROJECT_DIR/tools/self_install_plugin.py\"\n";
		};
		C3CD6AB1A4A00D10F140CCA6 /* Install to ~/.agenticplugins */ = {
			isa = PBXShellScriptBuildPhase;
			alwaysOutOfDate = 1;
			buildActionMask = 2147483647;
			files = (
			);
			inputFileListPaths = (
			);
			inputPaths = (
			);
			name = "Install to ~/.agenticplugins";
			outputFileListPaths = (
			);
			outputPaths = (
			);
			runOnlyForDeploymentPostprocessing = 0;
			shellPath = /bin/sh;
			shellScript = "/usr/bin/python3 \"$PROJECT_DIR/tools/self_install_plugin.py\"\n";
		};
		CB41CFE654A0F740A09F9DEA /* Install to ~/.agenticplugins */ = {
			isa = PBXShellScriptBuildPhase;
			alwaysOutOfDate = 1;
			buildActionMask = 2147483647;
			files = (
			);
			inputFileListPaths = (
			);
			inputPaths = (
			);
			name = "Install to ~/.agenticplugins";
			outputFileListPaths = (
			);
			outputPaths = (
			);
			runOnlyForDeploymentPostprocessing = 0;
			shellPath = /bin/sh;
			shellScript = "/usr/bin/python3 \"$PROJECT_DIR/tools/self_install_plugin.py\"\n";
		};
/* End PBXShellScriptBuildPhase section */

/* Begin PBXSourcesBuildPhase section */
		1AE37AA861A82C4B4F805E95 /* Sources */ = {
			isa = PBXSourcesBuildPhase;
			buildActionMask = 2147483647;
			files = (
				893C303BE350EA5A2F1BE0EE /* ClaudeLocalPlugin.swift in Sources */,
			);
			runOnlyForDeploymentPostprocessing = 0;
		};
		4DEDB0550F83D701B08B0B12 /* Sources */ = {
			isa = PBXSourcesBuildPhase;
			buildActionMask = 2147483647;
			files = (
				4032C08C69EF2791523A7154 /* ClaudeAPIPlugin.swift in Sources */,
				8EF26FE8DB45DCBDA8542325 /* ClaudeLocalPlugin.swift in Sources */,
				1F60DED76900A0C0CC6C0BCE /* DescriptorCatalogTests.swift in Sources */,
				38272E4A8383A25809FCAA2F /* GooglePlugin.swift in Sources */,
				27C753F2AC1AE55808FCA62E /* OpenAICompatiblePlugin.swift in Sources */,
				511A9EC6FA1F2EC6B97A1DB1 /* OpenAIPlugin.swift in Sources */,
				C337ABC8390ED4F4784946AC /* PluginDecoderTests.swift in Sources */,
				D846F9071F9339135BBBCE9E /* PluginRequestTests.swift in Sources */,
			);
			runOnlyForDeploymentPostprocessing = 0;
		};
		500D95DB61344EC1088DBD06 /* Sources */ = {
			isa = PBXSourcesBuildPhase;
			buildActionMask = 2147483647;
			files = (
				A9FC14B3250E4A7510095AE9 /* OpenAIPlugin.swift in Sources */,
			);
			runOnlyForDeploymentPostprocessing = 0;
		};
		B4DD2844608E52AC614BD97A /* Sources */ = {
			isa = PBXSourcesBuildPhase;
			buildActionMask = 2147483647;
			files = (
				6CECE5D45CEA51315CE3980C /* GooglePlugin.swift in Sources */,
			);
			runOnlyForDeploymentPostprocessing = 0;
		};
		B8852837DB3305F1754F92ED /* Sources */ = {
			isa = PBXSourcesBuildPhase;
			buildActionMask = 2147483647;
			files = (
				4055E75B95ABB98D4EBDA069 /* OpenAICompatiblePlugin.swift in Sources */,
			);
			runOnlyForDeploymentPostprocessing = 0;
		};
		BC45C9DB23EC021B6D5F64C3 /* Sources */ = {
			isa = PBXSourcesBuildPhase;
			buildActionMask = 2147483647;
			files = (
				A4C79FED4C5E26CE247C2305 /* ClaudeAPIPlugin.swift in Sources */,
			);
			runOnlyForDeploymentPostprocessing = 0;
		};
/* End PBXSourcesBuildPhase section */

/* Begin PBXTargetDependency section */
		090B523CFAA1003160E8BAD5 /* PBXTargetDependency */ = {
			isa = PBXTargetDependency;
			target = 4902207C4C9CDF009D44C9FA /* OpenAICompatible */;
			targetProxy = DD678D36375EC41B9A63D71F /* PBXContainerItemProxy */;
		};
		1A5681112944FCD9FC9F4803 /* PBXTargetDependency */ = {
			isa = PBXTargetDependency;
			target = BA37AF4B2F16BE7AB23931CA /* Google */;
			targetProxy = B0E3594C8FAA077B86CB91D1 /* PBXContainerItemProxy */;
		};
		6861750D26C43A7D8641ACBF /* PBXTargetDependency */ = {
			isa = PBXTargetDependency;
			target = 69B12492E5D241F6EF3DAC75 /* ClaudeLocal */;
			targetProxy = 840D9D7C9DECD44B35C1B072 /* PBXContainerItemProxy */;
		};
		6C954E54F1B6731BC9250834 /* PBXTargetDependency */ = {
			isa = PBXTargetDependency;
			name = AIPluginKit;
			targetProxy = 03299953B0A57E5FFCE7A0DF /* PBXContainerItemProxy */;
		};
		7121BBE8D7D0B3BF116570C7 /* PBXTargetDependency */ = {
			isa = PBXTargetDependency;
			name = AIPluginKit;
			targetProxy = 5AB27CE80D96D1260DE773B1 /* PBXContainerItemProxy */;
		};
		A28ADE575824CB6189BBC6F6 /* PBXTargetDependency */ = {
			isa = PBXTargetDependency;
			name = AIPluginKit;
			targetProxy = EF313B1E0F9EC0DC2BB3EAED /* PBXContainerItemProxy */;
		};
		BC846C53425711A4BF06F2AF /* PBXTargetDependency */ = {
			isa = PBXTargetDependency;
			target = 40E8B4B9D4D13B107306FAD1 /* OpenAI */;
			targetProxy = F91AAC41B8E56FF85764CCD9 /* PBXContainerItemProxy */;
		};
		D457464FBAD3A29284392BE4 /* PBXTargetDependency */ = {
			isa = PBXTargetDependency;
			name = AIPluginKit;
			targetProxy = 9CF450E8EBA264C1A1F857E3 /* PBXContainerItemProxy */;
		};
		D8BAF6BC685AD2C9B01926E1 /* PBXTargetDependency */ = {
			isa = PBXTargetDependency;
			name = AIPluginKit;
			targetProxy = D3E204CBC6AC56DE0F7BEA53 /* PBXContainerItemProxy */;
		};
		DC23821EE0388CECD0EA7931 /* PBXTargetDependency */ = {
			isa = PBXTargetDependency;
			name = AIPluginKit;
			targetProxy = 9BEB4C4DC137407F724363C4 /* PBXContainerItemProxy */;
		};
		EACCC7FB25E65C81775FB12B /* PBXTargetDependency */ = {
			isa = PBXTargetDependency;
			target = 78D0E6AA9542822FD01209E4 /* ClaudeAPI */;
			targetProxy = 48282FFF22F82D40BBFB9E95 /* PBXContainerItemProxy */;
		};
/* End PBXTargetDependency section */

/* Begin XCBuildConfiguration section */
		1E672A1591C6930B52E395ED /* Release */ = {
			isa = XCBuildConfiguration;
			buildSettings = {
				COMBINE_HIDPI_IMAGES = YES;
				INFOPLIST_FILE = ClaudeAPI/Info.plist;
				LD_RUNPATH_SEARCH_PATHS = (
					"$(inherited)",
					"@loader_path/../../../../Frameworks",
				);
				PRODUCT_BUNDLE_IDENTIFIER = "com.agentictoolkit.plugin.claude-api";
				SDKROOT = macosx;
				WRAPPER_EXTENSION = aiplugin;
			};
			name = Release;
		};
		48361780961DA5C2C12FE402 /* Debug */ = {
			isa = XCBuildConfiguration;
			buildSettings = {
				ALWAYS_SEARCH_USER_PATHS = NO;
				CLANG_ANALYZER_NONNULL = YES;
				CLANG_ANALYZER_NUMBER_OBJECT_CONVERSION = YES_AGGRESSIVE;
				CLANG_CXX_LANGUAGE_STANDARD = "gnu++14";
				CLANG_CXX_LIBRARY = "libc++";
				CLANG_ENABLE_MODULES = YES;
				CLANG_ENABLE_OBJC_ARC = YES;
				CLANG_ENABLE_OBJC_WEAK = YES;
				CLANG_WARN_BLOCK_CAPTURE_AUTORELEASING = YES;
				CLANG_WARN_BOOL_CONVERSION = YES;
				CLANG_WARN_COMMA = YES;
				CLANG_WARN_CONSTANT_CONVERSION = YES;
				CLANG_WARN_DEPRECATED_OBJC_IMPLEMENTATIONS = YES;
				CLANG_WARN_DIRECT_OBJC_ISA_USAGE = YES_ERROR;
				CLANG_WARN_DOCUMENTATION_COMMENTS = YES;
				CLANG_WARN_EMPTY_BODY = YES;
				CLANG_WARN_ENUM_CONVERSION = YES;
				CLANG_WARN_INFINITE_RECURSION = YES;
				CLANG_WARN_INT_CONVERSION = YES;
				CLANG_WARN_NON_LITERAL_NULL_CONVERSION = YES;
				CLANG_WARN_OBJC_IMPLICIT_RETAIN_SELF = YES;
				CLANG_WARN_OBJC_LITERAL_CONVERSION = YES;
				CLANG_WARN_OBJC_ROOT_CLASS = YES_ERROR;
				CLANG_WARN_QUOTED_INCLUDE_IN_FRAMEWORK_HEADER = YES;
				CLANG_WARN_RANGE_LOOP_ANALYSIS = YES;
				CLANG_WARN_STRICT_PROTOTYPES = YES;
				CLANG_WARN_SUSPICIOUS_MOVE = YES;
				CLANG_WARN_UNGUARDED_AVAILABILITY = YES_AGGRESSIVE;
				CLANG_WARN_UNREACHABLE_CODE = YES;
				CLANG_WARN__DUPLICATE_METHOD_MATCH = YES;
				CODE_SIGNING_ALLOWED = NO;
				CODE_SIGNING_REQUIRED = NO;
				CODE_SIGN_IDENTITY = "";
				COPY_PHASE_STRIP = NO;
				CURRENT_PROJECT_VERSION = 1;
				DEAD_CODE_STRIPPING = YES;
				DEBUG_INFORMATION_FORMAT = dwarf;
				ENABLE_MODULE_VERIFIER = YES;
				ENABLE_STRICT_OBJC_MSGSEND = YES;
				ENABLE_TESTABILITY = YES;
				ENABLE_USER_SCRIPT_SANDBOXING = NO;
				GCC_C_LANGUAGE_STANDARD = gnu11;
				GCC_DYNAMIC_NO_PIC = NO;
				GCC_NO_COMMON_BLOCKS = YES;
				GCC_OPTIMIZATION_LEVEL = 0;
				GCC_PREPROCESSOR_DEFINITIONS = (
					"$(inherited)",
					"DEBUG=1",
				);
				GCC_TREAT_WARNINGS_AS_ERRORS = YES;
				GCC_WARN_64_TO_32_BIT_CONVERSION = YES;
				GCC_WARN_ABOUT_RETURN_TYPE = YES_ERROR;
				GCC_WARN_UNDECLARED_SELECTOR = YES;
				GCC_WARN_UNINITIALIZED_AUTOS = YES_AGGRESSIVE;
				GCC_WARN_UNUSED_FUNCTION = YES;
				GCC_WARN_UNUSED_VARIABLE = YES;
				MACOSX_DEPLOYMENT_TARGET = 26.0;
				MARKETING_VERSION = 1.0.0;
				MODULE_VERIFIER_SUPPORTED_LANGUAGE_STANDARDS = "gnu11 gnu++14";
				MTL_ENABLE_DEBUG_INFO = INCLUDE_SOURCE;
				MTL_FAST_MATH = YES;
				ONLY_ACTIVE_ARCH = YES;
				PRODUCT_NAME = "$(TARGET_NAME)";
				SDKROOT = macosx;
				STRING_CATALOG_GENERATE_SYMBOLS = YES;
				SWIFT_ACTIVE_COMPILATION_CONDITIONS = DEBUG;
				SWIFT_ENABLE_EXPLICIT_MODULES = NO;
				SWIFT_OPTIMIZATION_LEVEL = "-Onone";
				SWIFT_STRICT_CONCURRENCY = complete;
				SWIFT_TREAT_WARNINGS_AS_ERRORS = YES;
				SWIFT_VERSION = 6.3;
			};
			name = Debug;
		};
		55D9ADCC0D1B8EE6A69B5080 /* Debug */ = {
			isa = XCBuildConfiguration;
			buildSettings = {
				BUNDLE_LOADER = "$(TEST_HOST)";
				COMBINE_HIDPI_IMAGES = YES;
				LD_RUNPATH_SEARCH_PATHS = (
					"$(inherited)",
					"@executable_path/../Frameworks",
					"@loader_path/../Frameworks",
				);
				PRODUCT_BUNDLE_IDENTIFIER = com.agentictoolkit.AIPluginsTests;
				SDKROOT = macosx;
			};
			name = Debug;
		};
		58D1F671C260CC023813E445 /* Debug */ = {
			isa = XCBuildConfiguration;
			buildSettings = {
				COMBINE_HIDPI_IMAGES = YES;
				INFOPLIST_FILE = Google/Info.plist;
				LD_RUNPATH_SEARCH_PATHS = (
					"$(inherited)",
					"@loader_path/../../../../Frameworks",
				);
				PRODUCT_BUNDLE_IDENTIFIER = com.agentictoolkit.plugin.google;
				SDKROOT = macosx;
				WRAPPER_EXTENSION = aiplugin;
			};
			name = Debug;
		};
		60B60CECC39FA655D0EA2E8F /* Debug */ = {
			isa = XCBuildConfiguration;
			buildSettings = {
				COMBINE_HIDPI_IMAGES = YES;
				INFOPLIST_FILE = ClaudeAPI/Info.plist;
				LD_RUNPATH_SEARCH_PATHS = (
					"$(inherited)",
					"@loader_path/../../../../Frameworks",
				);
				PRODUCT_BUNDLE_IDENTIFIER = "com.agentictoolkit.plugin.claude-api";
				SDKROOT = macosx;
				WRAPPER_EXTENSION = aiplugin;
			};
			name = Debug;
		};
		6199CAE8F37AEEB1BDEF0C27 /* Debug */ = {
			isa = XCBuildConfiguration;
			buildSettings = {
				COMBINE_HIDPI_IMAGES = YES;
				INFOPLIST_FILE = ClaudeLocal/Info.plist;
				LD_RUNPATH_SEARCH_PATHS = (
					"$(inherited)",
					"@loader_path/../../../../Frameworks",
				);
				PRODUCT_BUNDLE_IDENTIFIER = "com.agentictoolkit.plugin.claude-local";
				SDKROOT = macosx;
				WRAPPER_EXTENSION = aiplugin;
			};
			name = Debug;
		};
		6EEB80107F4CD7C85E5F96DA /* Release */ = {
			isa = XCBuildConfiguration;
			buildSettings = {
				COMBINE_HIDPI_IMAGES = YES;
				INFOPLIST_FILE = ClaudeLocal/Info.plist;
				LD_RUNPATH_SEARCH_PATHS = (
					"$(inherited)",
					"@loader_path/../../../../Frameworks",
				);
				PRODUCT_BUNDLE_IDENTIFIER = "com.agentictoolkit.plugin.claude-local";
				SDKROOT = macosx;
				WRAPPER_EXTENSION = aiplugin;
			};
			name = Release;
		};
		74371D67569873D0558519E1 /* Release */ = {
			isa = XCBuildConfiguration;
			buildSettings = {
				COMBINE_HIDPI_IMAGES = YES;
				INFOPLIST_FILE = OpenAI/Info.plist;
				LD_RUNPATH_SEARCH_PATHS = (
					"$(inherited)",
					"@loader_path/../../../../Frameworks",
				);
				PRODUCT_BUNDLE_IDENTIFIER = com.agentictoolkit.plugin.openai;
				SDKROOT = macosx;
				WRAPPER_EXTENSION = aiplugin;
			};
			name = Release;
		};
		7F79BF52E6720B862F66354E /* Release */ = {
			isa = XCBuildConfiguration;
			buildSettings = {
				COMBINE_HIDPI_IMAGES = YES;
				INFOPLIST_FILE = OpenAICompatible/Info.plist;
				LD_RUNPATH_SEARCH_PATHS = (
					"$(inherited)",
					"@loader_path/../../../../Frameworks",
				);
				PRODUCT_BUNDLE_IDENTIFIER = "com.agentictoolkit.plugin.openai-compatible";
				SDKROOT = macosx;
				WRAPPER_EXTENSION = aiplugin;
			};
			name = Release;
		};
		89046D709A6F1D966B2B3C27 /* Release */ = {
			isa = XCBuildConfiguration;
			buildSettings = {
			};
			name = Release;
		};
		8B4B98FC4D1CEE3D0A405B0A /* Debug */ = {
			isa = XCBuildConfiguration;
			buildSettings = {
				COMBINE_HIDPI_IMAGES = YES;
				INFOPLIST_FILE = OpenAICompatible/Info.plist;
				LD_RUNPATH_SEARCH_PATHS = (
					"$(inherited)",
					"@loader_path/../../../../Frameworks",
				);
				PRODUCT_BUNDLE_IDENTIFIER = "com.agentictoolkit.plugin.openai-compatible";
				SDKROOT = macosx;
				WRAPPER_EXTENSION = aiplugin;
			};
			name = Debug;
		};
		8D6036CF3D137C24FBBD5393 /* Release */ = {
			isa = XCBuildConfiguration;
			buildSettings = {
				BUNDLE_LOADER = "$(TEST_HOST)";
				COMBINE_HIDPI_IMAGES = YES;
				LD_RUNPATH_SEARCH_PATHS = (
					"$(inherited)",
					"@executable_path/../Frameworks",
					"@loader_path/../Frameworks",
				);
				PRODUCT_BUNDLE_IDENTIFIER = com.agentictoolkit.AIPluginsTests;
				SDKROOT = macosx;
			};
			name = Release;
		};
		9087C22063BE0139341CA300 /* Release */ = {
			isa = XCBuildConfiguration;
			buildSettings = {
				ALWAYS_SEARCH_USER_PATHS = NO;
				CLANG_ANALYZER_NONNULL = YES;
				CLANG_ANALYZER_NUMBER_OBJECT_CONVERSION = YES_AGGRESSIVE;
				CLANG_CXX_LANGUAGE_STANDARD = "gnu++14";
				CLANG_CXX_LIBRARY = "libc++";
				CLANG_ENABLE_MODULES = YES;
				CLANG_ENABLE_OBJC_ARC = YES;
				CLANG_ENABLE_OBJC_WEAK = YES;
				CLANG_WARN_BLOCK_CAPTURE_AUTORELEASING = YES;
				CLANG_WARN_BOOL_CONVERSION = YES;
				CLANG_WARN_COMMA = YES;
				CLANG_WARN_CONSTANT_CONVERSION = YES;
				CLANG_WARN_DEPRECATED_OBJC_IMPLEMENTATIONS = YES;
				CLANG_WARN_DIRECT_OBJC_ISA_USAGE = YES_ERROR;
				CLANG_WARN_DOCUMENTATION_COMMENTS = YES;
				CLANG_WARN_EMPTY_BODY = YES;
				CLANG_WARN_ENUM_CONVERSION = YES;
				CLANG_WARN_INFINITE_RECURSION = YES;
				CLANG_WARN_INT_CONVERSION = YES;
				CLANG_WARN_NON_LITERAL_NULL_CONVERSION = YES;
				CLANG_WARN_OBJC_IMPLICIT_RETAIN_SELF = YES;
				CLANG_WARN_OBJC_LITERAL_CONVERSION = YES;
				CLANG_WARN_OBJC_ROOT_CLASS = YES_ERROR;
				CLANG_WARN_QUOTED_INCLUDE_IN_FRAMEWORK_HEADER = YES;
				CLANG_WARN_RANGE_LOOP_ANALYSIS = YES;
				CLANG_WARN_STRICT_PROTOTYPES = YES;
				CLANG_WARN_SUSPICIOUS_MOVE = YES;
				CLANG_WARN_UNGUARDED_AVAILABILITY = YES_AGGRESSIVE;
				CLANG_WARN_UNREACHABLE_CODE = YES;
				CLANG_WARN__DUPLICATE_METHOD_MATCH = YES;
				CODE_SIGNING_ALLOWED = NO;
				CODE_SIGNING_REQUIRED = NO;
				CODE_SIGN_IDENTITY = "";
				COPY_PHASE_STRIP = NO;
				CURRENT_PROJECT_VERSION = 1;
				DEAD_CODE_STRIPPING = YES;
				DEBUG_INFORMATION_FORMAT = "dwarf-with-dsym";
				ENABLE_MODULE_VERIFIER = YES;
				ENABLE_NS_ASSERTIONS = NO;
				ENABLE_STRICT_OBJC_MSGSEND = YES;
				ENABLE_TESTABILITY = YES;
				ENABLE_USER_SCRIPT_SANDBOXING = NO;
				GCC_C_LANGUAGE_STANDARD = gnu11;
				GCC_NO_COMMON_BLOCKS = YES;
				GCC_TREAT_WARNINGS_AS_ERRORS = YES;
				GCC_WARN_64_TO_32_BIT_CONVERSION = YES;
				GCC_WARN_ABOUT_RETURN_TYPE = YES_ERROR;
				GCC_WARN_UNDECLARED_SELECTOR = YES;
				GCC_WARN_UNINITIALIZED_AUTOS = YES_AGGRESSIVE;
				GCC_WARN_UNUSED_FUNCTION = YES;
				GCC_WARN_UNUSED_VARIABLE = YES;
				MACOSX_DEPLOYMENT_TARGET = 26.0;
				MARKETING_VERSION = 1.0.0;
				MODULE_VERIFIER_SUPPORTED_LANGUAGE_STANDARDS = "gnu11 gnu++14";
				MTL_ENABLE_DEBUG_INFO = NO;
				MTL_FAST_MATH = YES;
				PRODUCT_NAME = "$(TARGET_NAME)";
				SDKROOT = macosx;
				STRING_CATALOG_GENERATE_SYMBOLS = YES;
				SWIFT_COMPILATION_MODE = wholemodule;
				SWIFT_ENABLE_EXPLICIT_MODULES = NO;
				SWIFT_OPTIMIZATION_LEVEL = "-O";
				SWIFT_STRICT_CONCURRENCY = complete;
				SWIFT_TREAT_WARNINGS_AS_ERRORS = YES;
				SWIFT_VERSION = 6.3;
			};
			name = Release;
		};
		A957F979672ABFD2C345FCB4 /* Release */ = {
			isa = XCBuildConfiguration;
			buildSettings = {
				COMBINE_HIDPI_IMAGES = YES;
				INFOPLIST_FILE = Google/Info.plist;
				LD_RUNPATH_SEARCH_PATHS = (
					"$(inherited)",
					"@loader_path/../../../../Frameworks",
				);
				PRODUCT_BUNDLE_IDENTIFIER = com.agentictoolkit.plugin.google;
				SDKROOT = macosx;
				WRAPPER_EXTENSION = aiplugin;
			};
			name = Release;
		};
		BA1B9548F6CF884F3985D248 /* Debug */ = {
			isa = XCBuildConfiguration;
			buildSettings = {
				COMBINE_HIDPI_IMAGES = YES;
				INFOPLIST_FILE = OpenAI/Info.plist;
				LD_RUNPATH_SEARCH_PATHS = (
					"$(inherited)",
					"@loader_path/../../../../Frameworks",
				);
				PRODUCT_BUNDLE_IDENTIFIER = com.agentictoolkit.plugin.openai;
				SDKROOT = macosx;
				WRAPPER_EXTENSION = aiplugin;
			};
			name = Debug;
		};
		ED790E1F5432A6D069CEB92B /* Debug */ = {
			isa = XCBuildConfiguration;
			buildSettings = {
			};
			name = Debug;
		};
/* End XCBuildConfiguration section */

/* Begin XCConfigurationList section */
		1DADD78F4AF7AFC474C2CE6E /* Build configuration list for PBXNativeTarget "Google" */ = {
			isa = XCConfigurationList;
			buildConfigurations = (
				58D1F671C260CC023813E445 /* Debug */,
				A957F979672ABFD2C345FCB4 /* Release */,
			);
			defaultConfigurationIsVisible = 0;
			defaultConfigurationName = Debug;
		};
		2312467F2C7A6F62BE9A00A7 /* Build configuration list for PBXProject "AIPlugins" */ = {
			isa = XCConfigurationList;
			buildConfigurations = (
				48361780961DA5C2C12FE402 /* Debug */,
				9087C22063BE0139341CA300 /* Release */,
			);
			defaultConfigurationIsVisible = 0;
			defaultConfigurationName = Debug;
		};
		5AE1062D2A8250BB76099BDB /* Build configuration list for PBXNativeTarget "OpenAICompatible" */ = {
			isa = XCConfigurationList;
			buildConfigurations = (
				8B4B98FC4D1CEE3D0A405B0A /* Debug */,
				7F79BF52E6720B862F66354E /* Release */,
			);
			defaultConfigurationIsVisible = 0;
			defaultConfigurationName = Debug;
		};
		5C0A46802A7E32079C8EFA85 /* Build configuration list for PBXAggregateTarget "AIPluginsMacOSAll" */ = {
			isa = XCConfigurationList;
			buildConfigurations = (
				ED790E1F5432A6D069CEB92B /* Debug */,
				89046D709A6F1D966B2B3C27 /* Release */,
			);
			defaultConfigurationIsVisible = 0;
			defaultConfigurationName = Debug;
		};
		82F655E28E948E662E77E028 /* Build configuration list for PBXNativeTarget "ClaudeAPI" */ = {
			isa = XCConfigurationList;
			buildConfigurations = (
				60B60CECC39FA655D0EA2E8F /* Debug */,
				1E672A1591C6930B52E395ED /* Release */,
			);
			defaultConfigurationIsVisible = 0;
			defaultConfigurationName = Debug;
		};
		98B5DE36FF4FA2B34568C118 /* Build configuration list for PBXNativeTarget "ClaudeLocal" */ = {
			isa = XCConfigurationList;
			buildConfigurations = (
				6199CAE8F37AEEB1BDEF0C27 /* Debug */,
				6EEB80107F4CD7C85E5F96DA /* Release */,
			);
			defaultConfigurationIsVisible = 0;
			defaultConfigurationName = Debug;
		};
		9DB6D316E4D618A31FDDD67D /* Build configuration list for PBXNativeTarget "AIPluginsTests" */ = {
			isa = XCConfigurationList;
			buildConfigurations = (
				55D9ADCC0D1B8EE6A69B5080 /* Debug */,
				8D6036CF3D137C24FBBD5393 /* Release */,
			);
			defaultConfigurationIsVisible = 0;
			defaultConfigurationName = Debug;
		};
		D87F537587DE84EC313B093E /* Build configuration list for PBXNativeTarget "OpenAI" */ = {
			isa = XCConfigurationList;
			buildConfigurations = (
				BA1B9548F6CF884F3985D248 /* Debug */,
				74371D67569873D0558519E1 /* Release */,
			);
			defaultConfigurationIsVisible = 0;
			defaultConfigurationName = Debug;
		};
/* End XCConfigurationList section */
	};
	rootObject = DD383D4A13970DC0F38EC011 /* Project object */;
}
